
Microsoft Visual Studio Solution File, Format Version 12.00
# Visual Studio Version 17
VisualStudioVersion = 17.2.32516.85
MinimumVisualStudioVersion = 10.0.40219.1
Project("{8BC9CEB8-8B4A-11D0-8D11-00A0C91BC942}") = "GnollHackW", "GnollHackW.vcxproj", "{CEC5D360-8804-454F-8591-002184C23499}"
	ProjectSection(ProjectDependencies) = postProject
		{0303A585-3F83-4BB7-AF6B-1E12C8FB54AC} = {0303A585-3F83-4BB7-AF6B-1E12C8FB54AC}
		{6813477F-64B6-4B97-B230-438D0D233385} = {6813477F-64B6-4B97-B230-438D0D233385}
		{8A3F81C7-2968-49A8-86BF-2669412AD7DE} = {8A3F81C7-2968-49A8-86BF-2669412AD7DE}
		{9DD9C52E-E8C9-4533-BD22-83C055C0AABA} = {9DD9C52E-E8C9-4533-BD22-83C055C0AABA}
		{BA3DD34C-04B7-40D0-B373-9329AA9E8945} = {BA3DD34C-04B7-40D0-B373-9329AA9E8945}
	EndProjectSection
EndProject
Project("{8BC9CEB8-8B4A-11D0-8D11-00A0C91BC942}") = "dgncomp", "dgncomp.vcxproj", "{8A3F81C7-2968-49A8-86BF-2669412AD7DE}"
	ProjectSection(ProjectDependencies) = postProject
		{BA3DD34C-04B7-40D0-B373-9329AA9E8945} = {BA3DD34C-04B7-40D0-B373-9329AA9E8945}
	EndProjectSection
EndProject
Project("{8BC9CEB8-8B4A-11D0-8D11-00A0C91BC942}") = "dlb", "dlb.vcxproj", "{0303A585-3F83-4BB7-AF6B-1E12C8FB54AC}"
	ProjectSection(ProjectDependencies) = postProject
		{8A3F81C7-2968-49A8-86BF-2669412AD7DE} = {8A3F81C7-2968-49A8-86BF-2669412AD7DE}
		{9DD9C52E-E8C9-4533-BD22-83C055C0AABA} = {9DD9C52E-E8C9-4533-BD22-83C055C0AABA}
		{BA3DD34C-04B7-40D0-B373-9329AA9E8945} = {BA3DD34C-04B7-40D0-B373-9329AA9E8945}
	EndProjectSection
EndProject
Project("{8BC9CEB8-8B4A-11D0-8D11-00A0C91BC942}") = "levcomp", "levcomp.vcxproj", "{9DD9C52E-E8C9-4533-BD22-83C055C0AABA}"
	ProjectSection(ProjectDependencies) = postProject
		{BA3DD34C-04B7-40D0-B373-9329AA9E8945} = {BA3DD34C-04B7-40D0-B373-9329AA9E8945}
	EndProjectSection
EndProject
Project("{8BC9CEB8-8B4A-11D0-8D11-00A0C91BC942}") = "makedefs", "makedefs.vcxproj", "{BA3DD34C-04B7-40D0-B373-9329AA9E8945}"
EndProject
Project("{8BC9CEB8-8B4A-11D0-8D11-00A0C91BC942}") = "recover", "recover.vcxproj", "{2F35F228-6733-4FE5-9B46-B3AA10D4BC2E}"
EndProject
Project("{8BC9CEB8-8B4A-11D0-8D11-00A0C91BC942}") = "tile2bmp", "tile2bmp.vcxproj", "{642BC75D-ABAF-403E-8224-7C725FD4CB42}"
	ProjectSection(ProjectDependencies) = postProject
		{9DD9C52E-E8C9-4533-BD22-83C055C0AABA} = {9DD9C52E-E8C9-4533-BD22-83C055C0AABA}
		{BA3DD34C-04B7-40D0-B373-9329AA9E8945} = {BA3DD34C-04B7-40D0-B373-9329AA9E8945}
	EndProjectSection
EndProject
Project("{8BC9CEB8-8B4A-11D0-8D11-00A0C91BC942}") = "tilemap", "tilemap.vcxproj", "{93F10526-209E-41D7-BBEA-775787876895}"
	ProjectSection(ProjectDependencies) = postProject
		{8A3F81C7-2968-49A8-86BF-2669412AD7DE} = {8A3F81C7-2968-49A8-86BF-2669412AD7DE}
	EndProjectSection
EndProject
Project("{8BC9CEB8-8B4A-11D0-8D11-00A0C91BC942}") = "uudecode", "uudecode.vcxproj", "{63F9B82B-F589-4082-ABE5-D4F0682050AB}"
	ProjectSection(ProjectDependencies) = postProject
		{BA3DD34C-04B7-40D0-B373-9329AA9E8945} = {BA3DD34C-04B7-40D0-B373-9329AA9E8945}
	EndProjectSection
EndProject
Project("{8BC9CEB8-8B4A-11D0-8D11-00A0C91BC942}") = "GnollHack", "GnollHack.vcxproj", "{609BC774-C6F8-4B2B-AA7D-5B3D0EA95751}"
	ProjectSection(ProjectDependencies) = postProject
		{0303A585-3F83-4BB7-AF6B-1E12C8FB54AC} = {0303A585-3F83-4BB7-AF6B-1E12C8FB54AC}
		{6813477F-64B6-4B97-B230-438D0D233385} = {6813477F-64B6-4B97-B230-438D0D233385}
		{8A3F81C7-2968-49A8-86BF-2669412AD7DE} = {8A3F81C7-2968-49A8-86BF-2669412AD7DE}
		{9DD9C52E-E8C9-4533-BD22-83C055C0AABA} = {9DD9C52E-E8C9-4533-BD22-83C055C0AABA}
		{BA3DD34C-04B7-40D0-B373-9329AA9E8945} = {BA3DD34C-04B7-40D0-B373-9329AA9E8945}
	EndProjectSection
EndProject
Project("{8BC9CEB8-8B4A-11D0-8D11-00A0C91BC942}") = "nhdefkey", "nhdefkey.vcxproj", "{6813477F-64B6-4B97-B230-438D0D233385}"
	ProjectSection(ProjectDependencies) = postProject
		{BA3DD34C-04B7-40D0-B373-9329AA9E8945} = {BA3DD34C-04B7-40D0-B373-9329AA9E8945}
	EndProjectSection
EndProject
Project("{8BC9CEB8-8B4A-11D0-8D11-00A0C91BC942}") = "nh340key", "nh340key.vcxproj", "{BE04E242-A1E9-4593-B95B-057F37330B76}"
	ProjectSection(ProjectDependencies) = postProject
		{BA3DD34C-04B7-40D0-B373-9329AA9E8945} = {BA3DD34C-04B7-40D0-B373-9329AA9E8945}
	EndProjectSection
EndProject
Project("{8BC9CEB8-8B4A-11D0-8D11-00A0C91BC942}") = "nhraykey", "nhraykey.vcxproj", "{2E1F4BB3-3BD7-43AD-8E64-D3B8A2F5D7B2}"
	ProjectSection(ProjectDependencies) = postProject
		{BA3DD34C-04B7-40D0-B373-9329AA9E8945} = {BA3DD34C-04B7-40D0-B373-9329AA9E8945}
	EndProjectSection
EndProject
Project("{8BC9CEB8-8B4A-11D0-8D11-00A0C91BC942}") = "PDCurses", "PDCurses.vcxproj", "{BAA70D0F-3EC7-4D10-91F0-974F1F49308B}"
EndProject
Project("{9A19103F-16F7-4668-BE54-9A1E7A4F7556}") = "GnollHackMG", "..\winclisrv\GnollHackMG\GnollHackMG.csproj", "{0E0D76B5-BC9B-4BF7-9C63-334C4B3287AA}"
	ProjectSection(ProjectDependencies) = postProject
		{272434B5-141B-48AD-9C5E-87F0CB6C5161} = {272434B5-141B-48AD-9C5E-87F0CB6C5161}
	EndProjectSection
EndProject
Project("{9A19103F-16F7-4668-BE54-9A1E7A4F7556}") = "GnollHackServer", "..\winclisrv\GnollHackServer\GnollHackServer.csproj", "{272434B5-141B-48AD-9C5E-87F0CB6C5161}"
	ProjectSection(ProjectDependencies) = postProject
		{31BFD9BC-3798-4A01-ADBD-59CD1D323C66} = {31BFD9BC-3798-4A01-ADBD-59CD1D323C66}
	EndProjectSection
EndProject
Project("{8BC9CEB8-8B4A-11D0-8D11-00A0C91BC942}") = "gnollhacklib", "gnollhacklib.vcxproj", "{31BFD9BC-3798-4A01-ADBD-59CD1D323C66}"
	ProjectSection(ProjectDependencies) = postProject
		{0303A585-3F83-4BB7-AF6B-1E12C8FB54AC} = {0303A585-3F83-4BB7-AF6B-1E12C8FB54AC}
		{6813477F-64B6-4B97-B230-438D0D233385} = {6813477F-64B6-4B97-B230-438D0D233385}
		{8A3F81C7-2968-49A8-86BF-2669412AD7DE} = {8A3F81C7-2968-49A8-86BF-2669412AD7DE}
		{9DD9C52E-E8C9-4533-BD22-83C055C0AABA} = {9DD9C52E-E8C9-4533-BD22-83C055C0AABA}
		{BA3DD34C-04B7-40D0-B373-9329AA9E8945} = {BA3DD34C-04B7-40D0-B373-9329AA9E8945}
	EndProjectSection
EndProject
Project("{9A19103F-16F7-4668-BE54-9A1E7A4F7556}") = "GnollHackCommon", "..\winclisrv\GnollHackCommon\GnollHackCommon.csproj", "{40516BC7-AC45-4F0C-9754-6C6A381302AB}"
EndProject
Project("{FAE04EC0-301F-11D3-BF4B-00C04F79EFBC}") = "GnollHackClient.UWP", "..\winclisrv\GnollHackClient\GnollHackClient.UWP\GnollHackClient.UWP.csproj", "{FC538EE2-A6CA-4443-96C3-88441272B242}"
EndProject
Project("{FAE04EC0-301F-11D3-BF4B-00C04F79EFBC}") = "GnollHackClient.Android", "..\winclisrv\GnollHackClient\GnollHackClient.Android\GnollHackClient.Android.csproj", "{E4915AD3-CA01-44FE-A99F-0D6E9DC49F08}"
	ProjectSection(ProjectDependencies) = postProject
		{51DAF34F-B699-442D-A9BA-4A3B2800A09A} = {51DAF34F-B699-442D-A9BA-4A3B2800A09A}
		{6FF04CCD-3E5A-423E-B6B8-637C42A007C1} = {6FF04CCD-3E5A-423E-B6B8-637C42A007C1}
	EndProjectSection
EndProject
Project("{FAE04EC0-301F-11D3-BF4B-00C04F79EFBC}") = "GnollHackClient.iOS", "..\winclisrv\GnollHackClient\GnollHackClient.iOS\GnollHackClient.iOS.csproj", "{0BBCFE15-9A3B-4175-A543-24B39C812D9E}"
	ProjectSection(ProjectDependencies) = postProject
		{6FF04CCD-3E5A-423E-B6B8-637C42A007C1} = {6FF04CCD-3E5A-423E-B6B8-637C42A007C1}
		{F6E7EFA6-0470-47C8-A6B0-5DE72BAC7291} = {F6E7EFA6-0470-47C8-A6B0-5DE72BAC7291}
	EndProjectSection
EndProject
Project("{9A19103F-16F7-4668-BE54-9A1E7A4F7556}") = "GnollHackClient", "..\winclisrv\GnollHackClient\GnollHackClient\GnollHackClient.csproj", "{514A3E21-9E1F-4F19-B8C3-77898D1326F6}"
	ProjectSection(ProjectDependencies) = postProject
		{272434B5-141B-48AD-9C5E-87F0CB6C5161} = {272434B5-141B-48AD-9C5E-87F0CB6C5161}
		{40516BC7-AC45-4F0C-9754-6C6A381302AB} = {40516BC7-AC45-4F0C-9754-6C6A381302AB}
	EndProjectSection
EndProject
Project("{FAE04EC0-301F-11D3-BF4B-00C04F79EFBC}") = "GnollHackClient.Android.Bindings", "..\winclisrv\GnollHackClient\GnollHackClient.Android.Bindings\GnollHackClient.Android.Bindings.csproj", "{6603A81B-B0D4-4119-B731-77C579AC7C86}"
EndProject
Project("{8BC9CEB8-8B4A-11D0-8D11-00A0C91BC942}") = "gnollhackdroid", "gnollhackdroid.vcxproj", "{51DAF34F-B699-442D-A9BA-4A3B2800A09A}"
	ProjectSection(ProjectDependencies) = postProject
		{19C1C54D-60D5-44AB-820E-7D07B180F153} = {19C1C54D-60D5-44AB-820E-7D07B180F153}
		{6FF04CCD-3E5A-423E-B6B8-637C42A007C1} = {6FF04CCD-3E5A-423E-B6B8-637C42A007C1}
		{86B3654F-2B3F-478C-B108-17E989444FB3} = {86B3654F-2B3F-478C-B108-17E989444FB3}
		{F8445183-52F2-45A0-BB4F-B433F3B721F0} = {F8445183-52F2-45A0-BB4F-B433F3B721F0}
	EndProjectSection
EndProject
Project("{8BC9CEB8-8B4A-11D0-8D11-00A0C91BC942}") = "makedefsdroid", "makedefsdroid.vcxproj", "{19C1C54D-60D5-44AB-820E-7D07B180F153}"
	ProjectSection(ProjectDependencies) = postProject
		{BA3DD34C-04B7-40D0-B373-9329AA9E8945} = {BA3DD34C-04B7-40D0-B373-9329AA9E8945}
	EndProjectSection
EndProject
Project("{8BC9CEB8-8B4A-11D0-8D11-00A0C91BC942}") = "levcompdroid", "levcompdroid.vcxproj", "{F8445183-52F2-45A0-BB4F-B433F3B721F0}"
	ProjectSection(ProjectDependencies) = postProject
		{19C1C54D-60D5-44AB-820E-7D07B180F153} = {19C1C54D-60D5-44AB-820E-7D07B180F153}
	EndProjectSection
EndProject
Project("{8BC9CEB8-8B4A-11D0-8D11-00A0C91BC942}") = "dgncompdroid", "dgncompdroid.vcxproj", "{86B3654F-2B3F-478C-B108-17E989444FB3}"
	ProjectSection(ProjectDependencies) = postProject
		{19C1C54D-60D5-44AB-820E-7D07B180F153} = {19C1C54D-60D5-44AB-820E-7D07B180F153}
	EndProjectSection
EndProject
Project("{8BC9CEB8-8B4A-11D0-8D11-00A0C91BC942}") = "dlbdroid", "dlbdroid.vcxproj", "{6FF04CCD-3E5A-423E-B6B8-637C42A007C1}"
	ProjectSection(ProjectDependencies) = postProject
		{86B3654F-2B3F-478C-B108-17E989444FB3} = {86B3654F-2B3F-478C-B108-17E989444FB3}
		{F8445183-52F2-45A0-BB4F-B433F3B721F0} = {F8445183-52F2-45A0-BB4F-B433F3B721F0}
	EndProjectSection
EndProject
Project("{9A19103F-16F7-4668-BE54-9A1E7A4F7556}") = "SourceFileTimeStamper", "SourceFileTimeStamper\SourceFileTimeStamper.csproj", "{3469E673-1318-4731-9168-23F32D98FB3E}"
EndProject
Project("{8BC9CEB8-8B4A-11D0-8D11-00A0C91BC942}") = "gnollhackios", "gnollhackios.vcxproj", "{F6E7EFA6-0470-47C8-A6B0-5DE72BAC7291}"
	ProjectSection(ProjectDependencies) = postProject
		{19C1C54D-60D5-44AB-820E-7D07B180F153} = {19C1C54D-60D5-44AB-820E-7D07B180F153}
		{6FF04CCD-3E5A-423E-B6B8-637C42A007C1} = {6FF04CCD-3E5A-423E-B6B8-637C42A007C1}
		{86B3654F-2B3F-478C-B108-17E989444FB3} = {86B3654F-2B3F-478C-B108-17E989444FB3}
		{F8445183-52F2-45A0-BB4F-B433F3B721F0} = {F8445183-52F2-45A0-BB4F-B433F3B721F0}
	EndProjectSection
EndProject
Global
	GlobalSection(SolutionConfigurationPlatforms) = preSolution
		Debug|Android+Windows = Debug|Android+Windows
		Debug|Any CPU = Debug|Any CPU
		Debug|ARM = Debug|ARM
		Debug|ARM64 = Debug|ARM64
		Debug|iPhone = Debug|iPhone
		Debug|iPhoneSimulator = Debug|iPhoneSimulator
		Debug|Win32 = Debug|Win32
		Debug|x64 = Debug|x64
		Release|Android+Windows = Release|Android+Windows
		Release|Any CPU = Release|Any CPU
		Release|ARM = Release|ARM
		Release|ARM64 = Release|ARM64
		Release|iPhone = Release|iPhone
		Release|iPhoneSimulator = Release|iPhoneSimulator
		Release|Win32 = Release|Win32
		Release|x64 = Release|x64
	EndGlobalSection
	GlobalSection(ProjectConfigurationPlatforms) = postSolution
		{CEC5D360-8804-454F-8591-002184C23499}.Debug|Android+Windows.ActiveCfg = Debug|x64
		{CEC5D360-8804-454F-8591-002184C23499}.Debug|Android+Windows.Build.0 = Debug|x64
		{CEC5D360-8804-454F-8591-002184C23499}.Debug|Any CPU.ActiveCfg = Debug|x64
		{CEC5D360-8804-454F-8591-002184C23499}.Debug|Any CPU.Build.0 = Debug|x64
		{CEC5D360-8804-454F-8591-002184C23499}.Debug|ARM.ActiveCfg = Debug|x64
		{CEC5D360-8804-454F-8591-002184C23499}.Debug|ARM64.ActiveCfg = Debug|x64
		{CEC5D360-8804-454F-8591-002184C23499}.Debug|ARM64.Build.0 = Debug|x64
		{CEC5D360-8804-454F-8591-002184C23499}.Debug|iPhone.ActiveCfg = Debug|x64
		{CEC5D360-8804-454F-8591-002184C23499}.Debug|iPhoneSimulator.ActiveCfg = Debug|x64
		{CEC5D360-8804-454F-8591-002184C23499}.Debug|Win32.ActiveCfg = Debug|Win32
		{CEC5D360-8804-454F-8591-002184C23499}.Debug|Win32.Build.0 = Debug|Win32
		{CEC5D360-8804-454F-8591-002184C23499}.Debug|x64.ActiveCfg = Debug|x64
		{CEC5D360-8804-454F-8591-002184C23499}.Debug|x64.Build.0 = Debug|x64
		{CEC5D360-8804-454F-8591-002184C23499}.Release|Android+Windows.ActiveCfg = Release|x64
		{CEC5D360-8804-454F-8591-002184C23499}.Release|Android+Windows.Build.0 = Release|x64
		{CEC5D360-8804-454F-8591-002184C23499}.Release|Any CPU.ActiveCfg = Release|x64
		{CEC5D360-8804-454F-8591-002184C23499}.Release|Any CPU.Build.0 = Release|x64
		{CEC5D360-8804-454F-8591-002184C23499}.Release|ARM.ActiveCfg = Release|Win32
		{CEC5D360-8804-454F-8591-002184C23499}.Release|ARM64.ActiveCfg = Release|Win32
		{CEC5D360-8804-454F-8591-002184C23499}.Release|iPhone.ActiveCfg = Release|x64
		{CEC5D360-8804-454F-8591-002184C23499}.Release|iPhoneSimulator.ActiveCfg = Release|x64
		{CEC5D360-8804-454F-8591-002184C23499}.Release|Win32.ActiveCfg = Release|Win32
		{CEC5D360-8804-454F-8591-002184C23499}.Release|Win32.Build.0 = Release|Win32
		{CEC5D360-8804-454F-8591-002184C23499}.Release|x64.ActiveCfg = Release|x64
		{CEC5D360-8804-454F-8591-002184C23499}.Release|x64.Build.0 = Release|x64
		{8A3F81C7-2968-49A8-86BF-2669412AD7DE}.Debug|Android+Windows.ActiveCfg = Debug|x64
		{8A3F81C7-2968-49A8-86BF-2669412AD7DE}.Debug|Android+Windows.Build.0 = Debug|x64
		{8A3F81C7-2968-49A8-86BF-2669412AD7DE}.Debug|Any CPU.ActiveCfg = Debug|x64
		{8A3F81C7-2968-49A8-86BF-2669412AD7DE}.Debug|Any CPU.Build.0 = Debug|x64
		{8A3F81C7-2968-49A8-86BF-2669412AD7DE}.Debug|ARM.ActiveCfg = Debug|x64
		{8A3F81C7-2968-49A8-86BF-2669412AD7DE}.Debug|ARM64.ActiveCfg = Debug|x64
		{8A3F81C7-2968-49A8-86BF-2669412AD7DE}.Debug|iPhone.ActiveCfg = Debug|x64
		{8A3F81C7-2968-49A8-86BF-2669412AD7DE}.Debug|iPhoneSimulator.ActiveCfg = Debug|x64
		{8A3F81C7-2968-49A8-86BF-2669412AD7DE}.Debug|Win32.ActiveCfg = Debug|Win32
		{8A3F81C7-2968-49A8-86BF-2669412AD7DE}.Debug|Win32.Build.0 = Debug|Win32
		{8A3F81C7-2968-49A8-86BF-2669412AD7DE}.Debug|x64.ActiveCfg = Debug|x64
		{8A3F81C7-2968-49A8-86BF-2669412AD7DE}.Debug|x64.Build.0 = Debug|x64
		{8A3F81C7-2968-49A8-86BF-2669412AD7DE}.Release|Android+Windows.ActiveCfg = Release|x64
		{8A3F81C7-2968-49A8-86BF-2669412AD7DE}.Release|Android+Windows.Build.0 = Release|x64
		{8A3F81C7-2968-49A8-86BF-2669412AD7DE}.Release|Any CPU.ActiveCfg = Release|x64
		{8A3F81C7-2968-49A8-86BF-2669412AD7DE}.Release|Any CPU.Build.0 = Release|x64
		{8A3F81C7-2968-49A8-86BF-2669412AD7DE}.Release|ARM.ActiveCfg = Release|Win32
		{8A3F81C7-2968-49A8-86BF-2669412AD7DE}.Release|ARM64.ActiveCfg = Release|Win32
		{8A3F81C7-2968-49A8-86BF-2669412AD7DE}.Release|iPhone.ActiveCfg = Release|x64
		{8A3F81C7-2968-49A8-86BF-2669412AD7DE}.Release|iPhoneSimulator.ActiveCfg = Release|x64
		{8A3F81C7-2968-49A8-86BF-2669412AD7DE}.Release|Win32.ActiveCfg = Release|Win32
		{8A3F81C7-2968-49A8-86BF-2669412AD7DE}.Release|Win32.Build.0 = Release|Win32
		{8A3F81C7-2968-49A8-86BF-2669412AD7DE}.Release|x64.ActiveCfg = Release|x64
		{8A3F81C7-2968-49A8-86BF-2669412AD7DE}.Release|x64.Build.0 = Release|x64
		{0303A585-3F83-4BB7-AF6B-1E12C8FB54AC}.Debug|Android+Windows.ActiveCfg = Debug|x64
		{0303A585-3F83-4BB7-AF6B-1E12C8FB54AC}.Debug|Android+Windows.Build.0 = Debug|x64
		{0303A585-3F83-4BB7-AF6B-1E12C8FB54AC}.Debug|Any CPU.ActiveCfg = Debug|x64
		{0303A585-3F83-4BB7-AF6B-1E12C8FB54AC}.Debug|Any CPU.Build.0 = Debug|x64
		{0303A585-3F83-4BB7-AF6B-1E12C8FB54AC}.Debug|ARM.ActiveCfg = Debug|x64
		{0303A585-3F83-4BB7-AF6B-1E12C8FB54AC}.Debug|ARM64.ActiveCfg = Debug|x64
		{0303A585-3F83-4BB7-AF6B-1E12C8FB54AC}.Debug|iPhone.ActiveCfg = Debug|x64
		{0303A585-3F83-4BB7-AF6B-1E12C8FB54AC}.Debug|iPhoneSimulator.ActiveCfg = Debug|x64
		{0303A585-3F83-4BB7-AF6B-1E12C8FB54AC}.Debug|Win32.ActiveCfg = Debug|Win32
		{0303A585-3F83-4BB7-AF6B-1E12C8FB54AC}.Debug|Win32.Build.0 = Debug|Win32
		{0303A585-3F83-4BB7-AF6B-1E12C8FB54AC}.Debug|x64.ActiveCfg = Debug|x64
		{0303A585-3F83-4BB7-AF6B-1E12C8FB54AC}.Debug|x64.Build.0 = Debug|x64
		{0303A585-3F83-4BB7-AF6B-1E12C8FB54AC}.Release|Android+Windows.ActiveCfg = Release|x64
		{0303A585-3F83-4BB7-AF6B-1E12C8FB54AC}.Release|Android+Windows.Build.0 = Release|x64
		{0303A585-3F83-4BB7-AF6B-1E12C8FB54AC}.Release|Any CPU.ActiveCfg = Release|x64
		{0303A585-3F83-4BB7-AF6B-1E12C8FB54AC}.Release|Any CPU.Build.0 = Release|x64
		{0303A585-3F83-4BB7-AF6B-1E12C8FB54AC}.Release|ARM.ActiveCfg = Release|Win32
		{0303A585-3F83-4BB7-AF6B-1E12C8FB54AC}.Release|ARM64.ActiveCfg = Release|Win32
		{0303A585-3F83-4BB7-AF6B-1E12C8FB54AC}.Release|iPhone.ActiveCfg = Release|x64
		{0303A585-3F83-4BB7-AF6B-1E12C8FB54AC}.Release|iPhoneSimulator.ActiveCfg = Release|x64
		{0303A585-3F83-4BB7-AF6B-1E12C8FB54AC}.Release|Win32.ActiveCfg = Release|Win32
		{0303A585-3F83-4BB7-AF6B-1E12C8FB54AC}.Release|Win32.Build.0 = Release|Win32
		{0303A585-3F83-4BB7-AF6B-1E12C8FB54AC}.Release|x64.ActiveCfg = Release|x64
		{0303A585-3F83-4BB7-AF6B-1E12C8FB54AC}.Release|x64.Build.0 = Release|x64
		{9DD9C52E-E8C9-4533-BD22-83C055C0AABA}.Debug|Android+Windows.ActiveCfg = Debug|x64
		{9DD9C52E-E8C9-4533-BD22-83C055C0AABA}.Debug|Android+Windows.Build.0 = Debug|x64
		{9DD9C52E-E8C9-4533-BD22-83C055C0AABA}.Debug|Any CPU.ActiveCfg = Debug|x64
		{9DD9C52E-E8C9-4533-BD22-83C055C0AABA}.Debug|Any CPU.Build.0 = Debug|x64
		{9DD9C52E-E8C9-4533-BD22-83C055C0AABA}.Debug|ARM.ActiveCfg = Debug|x64
		{9DD9C52E-E8C9-4533-BD22-83C055C0AABA}.Debug|ARM64.ActiveCfg = Debug|x64
		{9DD9C52E-E8C9-4533-BD22-83C055C0AABA}.Debug|iPhone.ActiveCfg = Debug|x64
		{9DD9C52E-E8C9-4533-BD22-83C055C0AABA}.Debug|iPhoneSimulator.ActiveCfg = Debug|x64
		{9DD9C52E-E8C9-4533-BD22-83C055C0AABA}.Debug|Win32.ActiveCfg = Debug|Win32
		{9DD9C52E-E8C9-4533-BD22-83C055C0AABA}.Debug|Win32.Build.0 = Debug|Win32
		{9DD9C52E-E8C9-4533-BD22-83C055C0AABA}.Debug|x64.ActiveCfg = Debug|x64
		{9DD9C52E-E8C9-4533-BD22-83C055C0AABA}.Debug|x64.Build.0 = Debug|x64
		{9DD9C52E-E8C9-4533-BD22-83C055C0AABA}.Release|Android+Windows.ActiveCfg = Release|x64
		{9DD9C52E-E8C9-4533-BD22-83C055C0AABA}.Release|Android+Windows.Build.0 = Release|x64
		{9DD9C52E-E8C9-4533-BD22-83C055C0AABA}.Release|Any CPU.ActiveCfg = Release|x64
		{9DD9C52E-E8C9-4533-BD22-83C055C0AABA}.Release|Any CPU.Build.0 = Release|x64
		{9DD9C52E-E8C9-4533-BD22-83C055C0AABA}.Release|ARM.ActiveCfg = Release|Win32
		{9DD9C52E-E8C9-4533-BD22-83C055C0AABA}.Release|ARM64.ActiveCfg = Release|Win32
		{9DD9C52E-E8C9-4533-BD22-83C055C0AABA}.Release|iPhone.ActiveCfg = Release|x64
		{9DD9C52E-E8C9-4533-BD22-83C055C0AABA}.Release|iPhoneSimulator.ActiveCfg = Release|x64
		{9DD9C52E-E8C9-4533-BD22-83C055C0AABA}.Release|Win32.ActiveCfg = Release|Win32
		{9DD9C52E-E8C9-4533-BD22-83C055C0AABA}.Release|Win32.Build.0 = Release|Win32
		{9DD9C52E-E8C9-4533-BD22-83C055C0AABA}.Release|x64.ActiveCfg = Release|x64
		{9DD9C52E-E8C9-4533-BD22-83C055C0AABA}.Release|x64.Build.0 = Release|x64
		{BA3DD34C-04B7-40D0-B373-9329AA9E8945}.Debug|Android+Windows.ActiveCfg = Debug|x64
		{BA3DD34C-04B7-40D0-B373-9329AA9E8945}.Debug|Android+Windows.Build.0 = Debug|x64
		{BA3DD34C-04B7-40D0-B373-9329AA9E8945}.Debug|Any CPU.ActiveCfg = Debug|x64
		{BA3DD34C-04B7-40D0-B373-9329AA9E8945}.Debug|Any CPU.Build.0 = Debug|x64
		{BA3DD34C-04B7-40D0-B373-9329AA9E8945}.Debug|ARM.ActiveCfg = Debug|x64
		{BA3DD34C-04B7-40D0-B373-9329AA9E8945}.Debug|ARM.Build.0 = Debug|x64
		{BA3DD34C-04B7-40D0-B373-9329AA9E8945}.Debug|ARM64.ActiveCfg = Debug|x64
		{BA3DD34C-04B7-40D0-B373-9329AA9E8945}.Debug|iPhone.ActiveCfg = Debug|x64
		{BA3DD34C-04B7-40D0-B373-9329AA9E8945}.Debug|iPhoneSimulator.ActiveCfg = Debug|x64
		{BA3DD34C-04B7-40D0-B373-9329AA9E8945}.Debug|iPhoneSimulator.Build.0 = Debug|x64
		{BA3DD34C-04B7-40D0-B373-9329AA9E8945}.Debug|Win32.ActiveCfg = Debug|Win32
		{BA3DD34C-04B7-40D0-B373-9329AA9E8945}.Debug|Win32.Build.0 = Debug|Win32
		{BA3DD34C-04B7-40D0-B373-9329AA9E8945}.Debug|x64.ActiveCfg = Debug|x64
		{BA3DD34C-04B7-40D0-B373-9329AA9E8945}.Debug|x64.Build.0 = Debug|x64
		{BA3DD34C-04B7-40D0-B373-9329AA9E8945}.Release|Android+Windows.ActiveCfg = Release|x64
		{BA3DD34C-04B7-40D0-B373-9329AA9E8945}.Release|Android+Windows.Build.0 = Release|x64
		{BA3DD34C-04B7-40D0-B373-9329AA9E8945}.Release|Any CPU.ActiveCfg = Release|x64
		{BA3DD34C-04B7-40D0-B373-9329AA9E8945}.Release|Any CPU.Build.0 = Release|x64
		{BA3DD34C-04B7-40D0-B373-9329AA9E8945}.Release|ARM.ActiveCfg = Release|Win32
		{BA3DD34C-04B7-40D0-B373-9329AA9E8945}.Release|ARM64.ActiveCfg = Release|Win32
		{BA3DD34C-04B7-40D0-B373-9329AA9E8945}.Release|iPhone.ActiveCfg = Release|x64
		{BA3DD34C-04B7-40D0-B373-9329AA9E8945}.Release|iPhoneSimulator.ActiveCfg = Release|x64
		{BA3DD34C-04B7-40D0-B373-9329AA9E8945}.Release|Win32.ActiveCfg = Release|Win32
		{BA3DD34C-04B7-40D0-B373-9329AA9E8945}.Release|Win32.Build.0 = Release|Win32
		{BA3DD34C-04B7-40D0-B373-9329AA9E8945}.Release|x64.ActiveCfg = Release|x64
		{BA3DD34C-04B7-40D0-B373-9329AA9E8945}.Release|x64.Build.0 = Release|x64
		{2F35F228-6733-4FE5-9B46-B3AA10D4BC2E}.Debug|Android+Windows.ActiveCfg = Debug|x64
		{2F35F228-6733-4FE5-9B46-B3AA10D4BC2E}.Debug|Android+Windows.Build.0 = Debug|x64
		{2F35F228-6733-4FE5-9B46-B3AA10D4BC2E}.Debug|Any CPU.ActiveCfg = Debug|x64
		{2F35F228-6733-4FE5-9B46-B3AA10D4BC2E}.Debug|Any CPU.Build.0 = Debug|x64
		{2F35F228-6733-4FE5-9B46-B3AA10D4BC2E}.Debug|ARM.ActiveCfg = Debug|x64
		{2F35F228-6733-4FE5-9B46-B3AA10D4BC2E}.Debug|ARM64.ActiveCfg = Debug|x64
		{2F35F228-6733-4FE5-9B46-B3AA10D4BC2E}.Debug|iPhone.ActiveCfg = Debug|x64
		{2F35F228-6733-4FE5-9B46-B3AA10D4BC2E}.Debug|iPhoneSimulator.ActiveCfg = Debug|x64
		{2F35F228-6733-4FE5-9B46-B3AA10D4BC2E}.Debug|Win32.ActiveCfg = Debug|Win32
		{2F35F228-6733-4FE5-9B46-B3AA10D4BC2E}.Debug|Win32.Build.0 = Debug|Win32
		{2F35F228-6733-4FE5-9B46-B3AA10D4BC2E}.Debug|x64.ActiveCfg = Debug|x64
		{2F35F228-6733-4FE5-9B46-B3AA10D4BC2E}.Debug|x64.Build.0 = Debug|x64
		{2F35F228-6733-4FE5-9B46-B3AA10D4BC2E}.Release|Android+Windows.ActiveCfg = Release|x64
		{2F35F228-6733-4FE5-9B46-B3AA10D4BC2E}.Release|Android+Windows.Build.0 = Release|x64
		{2F35F228-6733-4FE5-9B46-B3AA10D4BC2E}.Release|Any CPU.ActiveCfg = Release|x64
		{2F35F228-6733-4FE5-9B46-B3AA10D4BC2E}.Release|Any CPU.Build.0 = Release|x64
		{2F35F228-6733-4FE5-9B46-B3AA10D4BC2E}.Release|ARM.ActiveCfg = Release|Win32
		{2F35F228-6733-4FE5-9B46-B3AA10D4BC2E}.Release|ARM64.ActiveCfg = Release|Win32
		{2F35F228-6733-4FE5-9B46-B3AA10D4BC2E}.Release|iPhone.ActiveCfg = Release|x64
		{2F35F228-6733-4FE5-9B46-B3AA10D4BC2E}.Release|iPhoneSimulator.ActiveCfg = Release|x64
		{2F35F228-6733-4FE5-9B46-B3AA10D4BC2E}.Release|Win32.ActiveCfg = Release|Win32
		{2F35F228-6733-4FE5-9B46-B3AA10D4BC2E}.Release|Win32.Build.0 = Release|Win32
		{2F35F228-6733-4FE5-9B46-B3AA10D4BC2E}.Release|x64.ActiveCfg = Release|x64
		{2F35F228-6733-4FE5-9B46-B3AA10D4BC2E}.Release|x64.Build.0 = Release|x64
		{642BC75D-ABAF-403E-8224-7C725FD4CB42}.Debug|Android+Windows.ActiveCfg = Debug|x64
		{642BC75D-ABAF-403E-8224-7C725FD4CB42}.Debug|Any CPU.ActiveCfg = Debug|x64
		{642BC75D-ABAF-403E-8224-7C725FD4CB42}.Debug|ARM.ActiveCfg = Debug|x64
		{642BC75D-ABAF-403E-8224-7C725FD4CB42}.Debug|ARM64.ActiveCfg = Debug|x64
		{642BC75D-ABAF-403E-8224-7C725FD4CB42}.Debug|iPhone.ActiveCfg = Debug|x64
		{642BC75D-ABAF-403E-8224-7C725FD4CB42}.Debug|iPhoneSimulator.ActiveCfg = Debug|x64
		{642BC75D-ABAF-403E-8224-7C725FD4CB42}.Debug|Win32.ActiveCfg = Debug|Win32
		{642BC75D-ABAF-403E-8224-7C725FD4CB42}.Debug|Win32.Build.0 = Debug|Win32
		{642BC75D-ABAF-403E-8224-7C725FD4CB42}.Debug|x64.ActiveCfg = Debug|x64
		{642BC75D-ABAF-403E-8224-7C725FD4CB42}.Release|Android+Windows.ActiveCfg = Release|x64
		{642BC75D-ABAF-403E-8224-7C725FD4CB42}.Release|Any CPU.ActiveCfg = Release|x64
		{642BC75D-ABAF-403E-8224-7C725FD4CB42}.Release|ARM.ActiveCfg = Release|Win32
		{642BC75D-ABAF-403E-8224-7C725FD4CB42}.Release|ARM64.ActiveCfg = Release|Win32
		{642BC75D-ABAF-403E-8224-7C725FD4CB42}.Release|iPhone.ActiveCfg = Release|x64
		{642BC75D-ABAF-403E-8224-7C725FD4CB42}.Release|iPhoneSimulator.ActiveCfg = Release|x64
		{642BC75D-ABAF-403E-8224-7C725FD4CB42}.Release|Win32.ActiveCfg = Release|Win32
		{642BC75D-ABAF-403E-8224-7C725FD4CB42}.Release|Win32.Build.0 = Release|Win32
		{642BC75D-ABAF-403E-8224-7C725FD4CB42}.Release|x64.ActiveCfg = Release|x64
		{93F10526-209E-41D7-BBEA-775787876895}.Debug|Android+Windows.ActiveCfg = Debug|x64
		{93F10526-209E-41D7-BBEA-775787876895}.Debug|Any CPU.ActiveCfg = Debug|x64
		{93F10526-209E-41D7-BBEA-775787876895}.Debug|ARM.ActiveCfg = Debug|x64
		{93F10526-209E-41D7-BBEA-775787876895}.Debug|ARM64.ActiveCfg = Debug|x64
		{93F10526-209E-41D7-BBEA-775787876895}.Debug|iPhone.ActiveCfg = Debug|x64
		{93F10526-209E-41D7-BBEA-775787876895}.Debug|iPhoneSimulator.ActiveCfg = Debug|x64
		{93F10526-209E-41D7-BBEA-775787876895}.Debug|Win32.ActiveCfg = Debug|Win32
		{93F10526-209E-41D7-BBEA-775787876895}.Debug|Win32.Build.0 = Debug|Win32
		{93F10526-209E-41D7-BBEA-775787876895}.Debug|x64.ActiveCfg = Debug|x64
		{93F10526-209E-41D7-BBEA-775787876895}.Release|Android+Windows.ActiveCfg = Release|x64
		{93F10526-209E-41D7-BBEA-775787876895}.Release|Any CPU.ActiveCfg = Release|x64
		{93F10526-209E-41D7-BBEA-775787876895}.Release|ARM.ActiveCfg = Release|Win32
		{93F10526-209E-41D7-BBEA-775787876895}.Release|ARM64.ActiveCfg = Release|Win32
		{93F10526-209E-41D7-BBEA-775787876895}.Release|iPhone.ActiveCfg = Release|x64
		{93F10526-209E-41D7-BBEA-775787876895}.Release|iPhoneSimulator.ActiveCfg = Release|x64
		{93F10526-209E-41D7-BBEA-775787876895}.Release|Win32.ActiveCfg = Release|Win32
		{93F10526-209E-41D7-BBEA-775787876895}.Release|Win32.Build.0 = Release|Win32
		{93F10526-209E-41D7-BBEA-775787876895}.Release|x64.ActiveCfg = Release|x64
		{63F9B82B-F589-4082-ABE5-D4F0682050AB}.Debug|Android+Windows.ActiveCfg = Debug|x64
		{63F9B82B-F589-4082-ABE5-D4F0682050AB}.Debug|Any CPU.ActiveCfg = Debug|x64
		{63F9B82B-F589-4082-ABE5-D4F0682050AB}.Debug|ARM.ActiveCfg = Debug|x64
		{63F9B82B-F589-4082-ABE5-D4F0682050AB}.Debug|ARM64.ActiveCfg = Debug|x64
		{63F9B82B-F589-4082-ABE5-D4F0682050AB}.Debug|iPhone.ActiveCfg = Debug|x64
		{63F9B82B-F589-4082-ABE5-D4F0682050AB}.Debug|iPhoneSimulator.ActiveCfg = Debug|x64
		{63F9B82B-F589-4082-ABE5-D4F0682050AB}.Debug|Win32.ActiveCfg = Debug|Win32
		{63F9B82B-F589-4082-ABE5-D4F0682050AB}.Debug|Win32.Build.0 = Debug|Win32
		{63F9B82B-F589-4082-ABE5-D4F0682050AB}.Debug|x64.ActiveCfg = Debug|x64
		{63F9B82B-F589-4082-ABE5-D4F0682050AB}.Release|Android+Windows.ActiveCfg = Release|x64
		{63F9B82B-F589-4082-ABE5-D4F0682050AB}.Release|Any CPU.ActiveCfg = Release|x64
		{63F9B82B-F589-4082-ABE5-D4F0682050AB}.Release|ARM.ActiveCfg = Release|Win32
		{63F9B82B-F589-4082-ABE5-D4F0682050AB}.Release|ARM64.ActiveCfg = Release|Win32
		{63F9B82B-F589-4082-ABE5-D4F0682050AB}.Release|iPhone.ActiveCfg = Release|x64
		{63F9B82B-F589-4082-ABE5-D4F0682050AB}.Release|iPhoneSimulator.ActiveCfg = Release|x64
		{63F9B82B-F589-4082-ABE5-D4F0682050AB}.Release|Win32.ActiveCfg = Release|Win32
		{63F9B82B-F589-4082-ABE5-D4F0682050AB}.Release|Win32.Build.0 = Release|Win32
		{63F9B82B-F589-4082-ABE5-D4F0682050AB}.Release|x64.ActiveCfg = Release|x64
		{609BC774-C6F8-4B2B-AA7D-5B3D0EA95751}.Debug|Android+Windows.ActiveCfg = Debug|x64
		{609BC774-C6F8-4B2B-AA7D-5B3D0EA95751}.Debug|Android+Windows.Build.0 = Debug|x64
		{609BC774-C6F8-4B2B-AA7D-5B3D0EA95751}.Debug|Any CPU.ActiveCfg = Debug|x64
		{609BC774-C6F8-4B2B-AA7D-5B3D0EA95751}.Debug|Any CPU.Build.0 = Debug|x64
		{609BC774-C6F8-4B2B-AA7D-5B3D0EA95751}.Debug|ARM.ActiveCfg = Debug|x64
		{609BC774-C6F8-4B2B-AA7D-5B3D0EA95751}.Debug|ARM64.ActiveCfg = Debug|x64
		{609BC774-C6F8-4B2B-AA7D-5B3D0EA95751}.Debug|iPhone.ActiveCfg = Debug|x64
		{609BC774-C6F8-4B2B-AA7D-5B3D0EA95751}.Debug|iPhoneSimulator.ActiveCfg = Debug|x64
		{609BC774-C6F8-4B2B-AA7D-5B3D0EA95751}.Debug|Win32.ActiveCfg = Debug|Win32
		{609BC774-C6F8-4B2B-AA7D-5B3D0EA95751}.Debug|Win32.Build.0 = Debug|Win32
		{609BC774-C6F8-4B2B-AA7D-5B3D0EA95751}.Debug|x64.ActiveCfg = Debug|x64
		{609BC774-C6F8-4B2B-AA7D-5B3D0EA95751}.Debug|x64.Build.0 = Debug|x64
		{609BC774-C6F8-4B2B-AA7D-5B3D0EA95751}.Release|Android+Windows.ActiveCfg = Release|x64
		{609BC774-C6F8-4B2B-AA7D-5B3D0EA95751}.Release|Android+Windows.Build.0 = Release|x64
		{609BC774-C6F8-4B2B-AA7D-5B3D0EA95751}.Release|Any CPU.ActiveCfg = Release|x64
		{609BC774-C6F8-4B2B-AA7D-5B3D0EA95751}.Release|Any CPU.Build.0 = Release|x64
		{609BC774-C6F8-4B2B-AA7D-5B3D0EA95751}.Release|ARM.ActiveCfg = Release|Win32
		{609BC774-C6F8-4B2B-AA7D-5B3D0EA95751}.Release|ARM64.ActiveCfg = Release|Win32
		{609BC774-C6F8-4B2B-AA7D-5B3D0EA95751}.Release|iPhone.ActiveCfg = Release|x64
		{609BC774-C6F8-4B2B-AA7D-5B3D0EA95751}.Release|iPhoneSimulator.ActiveCfg = Release|x64
		{609BC774-C6F8-4B2B-AA7D-5B3D0EA95751}.Release|Win32.ActiveCfg = Release|Win32
		{609BC774-C6F8-4B2B-AA7D-5B3D0EA95751}.Release|Win32.Build.0 = Release|Win32
		{609BC774-C6F8-4B2B-AA7D-5B3D0EA95751}.Release|x64.ActiveCfg = Release|x64
		{609BC774-C6F8-4B2B-AA7D-5B3D0EA95751}.Release|x64.Build.0 = Release|x64
		{6813477F-64B6-4B97-B230-438D0D233385}.Debug|Android+Windows.ActiveCfg = Debug|x64
		{6813477F-64B6-4B97-B230-438D0D233385}.Debug|Android+Windows.Build.0 = Debug|x64
		{6813477F-64B6-4B97-B230-438D0D233385}.Debug|Any CPU.ActiveCfg = Debug|x64
		{6813477F-64B6-4B97-B230-438D0D233385}.Debug|Any CPU.Build.0 = Debug|x64
		{6813477F-64B6-4B97-B230-438D0D233385}.Debug|ARM.ActiveCfg = Debug|x64
		{6813477F-64B6-4B97-B230-438D0D233385}.Debug|ARM64.ActiveCfg = Debug|x64
		{6813477F-64B6-4B97-B230-438D0D233385}.Debug|iPhone.ActiveCfg = Debug|x64
		{6813477F-64B6-4B97-B230-438D0D233385}.Debug|iPhoneSimulator.ActiveCfg = Debug|x64
		{6813477F-64B6-4B97-B230-438D0D233385}.Debug|Win32.ActiveCfg = Debug|Win32
		{6813477F-64B6-4B97-B230-438D0D233385}.Debug|Win32.Build.0 = Debug|Win32
		{6813477F-64B6-4B97-B230-438D0D233385}.Debug|x64.ActiveCfg = Debug|x64
		{6813477F-64B6-4B97-B230-438D0D233385}.Debug|x64.Build.0 = Debug|x64
		{6813477F-64B6-4B97-B230-438D0D233385}.Release|Android+Windows.ActiveCfg = Release|x64
		{6813477F-64B6-4B97-B230-438D0D233385}.Release|Android+Windows.Build.0 = Release|x64
		{6813477F-64B6-4B97-B230-438D0D233385}.Release|Any CPU.ActiveCfg = Release|x64
		{6813477F-64B6-4B97-B230-438D0D233385}.Release|Any CPU.Build.0 = Release|x64
		{6813477F-64B6-4B97-B230-438D0D233385}.Release|ARM.ActiveCfg = Release|Win32
		{6813477F-64B6-4B97-B230-438D0D233385}.Release|ARM64.ActiveCfg = Release|Win32
		{6813477F-64B6-4B97-B230-438D0D233385}.Release|iPhone.ActiveCfg = Release|x64
		{6813477F-64B6-4B97-B230-438D0D233385}.Release|iPhoneSimulator.ActiveCfg = Release|x64
		{6813477F-64B6-4B97-B230-438D0D233385}.Release|Win32.ActiveCfg = Release|Win32
		{6813477F-64B6-4B97-B230-438D0D233385}.Release|Win32.Build.0 = Release|Win32
		{6813477F-64B6-4B97-B230-438D0D233385}.Release|x64.ActiveCfg = Release|x64
		{6813477F-64B6-4B97-B230-438D0D233385}.Release|x64.Build.0 = Release|x64
		{BE04E242-A1E9-4593-B95B-057F37330B76}.Debug|Android+Windows.ActiveCfg = Debug|x64
		{BE04E242-A1E9-4593-B95B-057F37330B76}.Debug|Android+Windows.Build.0 = Debug|x64
		{BE04E242-A1E9-4593-B95B-057F37330B76}.Debug|Any CPU.ActiveCfg = Debug|x64
		{BE04E242-A1E9-4593-B95B-057F37330B76}.Debug|Any CPU.Build.0 = Debug|x64
		{BE04E242-A1E9-4593-B95B-057F37330B76}.Debug|ARM.ActiveCfg = Debug|x64
		{BE04E242-A1E9-4593-B95B-057F37330B76}.Debug|ARM64.ActiveCfg = Debug|x64
		{BE04E242-A1E9-4593-B95B-057F37330B76}.Debug|iPhone.ActiveCfg = Debug|x64
		{BE04E242-A1E9-4593-B95B-057F37330B76}.Debug|iPhoneSimulator.ActiveCfg = Debug|x64
		{BE04E242-A1E9-4593-B95B-057F37330B76}.Debug|Win32.ActiveCfg = Debug|Win32
		{BE04E242-A1E9-4593-B95B-057F37330B76}.Debug|Win32.Build.0 = Debug|Win32
		{BE04E242-A1E9-4593-B95B-057F37330B76}.Debug|x64.ActiveCfg = Debug|x64
		{BE04E242-A1E9-4593-B95B-057F37330B76}.Debug|x64.Build.0 = Debug|x64
		{BE04E242-A1E9-4593-B95B-057F37330B76}.Release|Android+Windows.ActiveCfg = Release|x64
		{BE04E242-A1E9-4593-B95B-057F37330B76}.Release|Android+Windows.Build.0 = Release|x64
		{BE04E242-A1E9-4593-B95B-057F37330B76}.Release|Any CPU.ActiveCfg = Release|x64
		{BE04E242-A1E9-4593-B95B-057F37330B76}.Release|Any CPU.Build.0 = Release|x64
		{BE04E242-A1E9-4593-B95B-057F37330B76}.Release|ARM.ActiveCfg = Release|Win32
		{BE04E242-A1E9-4593-B95B-057F37330B76}.Release|ARM64.ActiveCfg = Release|Win32
		{BE04E242-A1E9-4593-B95B-057F37330B76}.Release|iPhone.ActiveCfg = Release|x64
		{BE04E242-A1E9-4593-B95B-057F37330B76}.Release|iPhoneSimulator.ActiveCfg = Release|x64
		{BE04E242-A1E9-4593-B95B-057F37330B76}.Release|Win32.ActiveCfg = Release|Win32
		{BE04E242-A1E9-4593-B95B-057F37330B76}.Release|Win32.Build.0 = Release|Win32
		{BE04E242-A1E9-4593-B95B-057F37330B76}.Release|x64.ActiveCfg = Release|x64
		{BE04E242-A1E9-4593-B95B-057F37330B76}.Release|x64.Build.0 = Release|x64
		{2E1F4BB3-3BD7-43AD-8E64-D3B8A2F5D7B2}.Debug|Android+Windows.ActiveCfg = Debug|x64
		{2E1F4BB3-3BD7-43AD-8E64-D3B8A2F5D7B2}.Debug|Android+Windows.Build.0 = Debug|x64
		{2E1F4BB3-3BD7-43AD-8E64-D3B8A2F5D7B2}.Debug|Any CPU.ActiveCfg = Debug|x64
		{2E1F4BB3-3BD7-43AD-8E64-D3B8A2F5D7B2}.Debug|Any CPU.Build.0 = Debug|x64
		{2E1F4BB3-3BD7-43AD-8E64-D3B8A2F5D7B2}.Debug|ARM.ActiveCfg = Debug|x64
		{2E1F4BB3-3BD7-43AD-8E64-D3B8A2F5D7B2}.Debug|ARM64.ActiveCfg = Debug|x64
		{2E1F4BB3-3BD7-43AD-8E64-D3B8A2F5D7B2}.Debug|iPhone.ActiveCfg = Debug|x64
		{2E1F4BB3-3BD7-43AD-8E64-D3B8A2F5D7B2}.Debug|iPhoneSimulator.ActiveCfg = Debug|x64
		{2E1F4BB3-3BD7-43AD-8E64-D3B8A2F5D7B2}.Debug|Win32.ActiveCfg = Debug|Win32
		{2E1F4BB3-3BD7-43AD-8E64-D3B8A2F5D7B2}.Debug|Win32.Build.0 = Debug|Win32
		{2E1F4BB3-3BD7-43AD-8E64-D3B8A2F5D7B2}.Debug|x64.ActiveCfg = Debug|x64
		{2E1F4BB3-3BD7-43AD-8E64-D3B8A2F5D7B2}.Debug|x64.Build.0 = Debug|x64
		{2E1F4BB3-3BD7-43AD-8E64-D3B8A2F5D7B2}.Release|Android+Windows.ActiveCfg = Release|x64
		{2E1F4BB3-3BD7-43AD-8E64-D3B8A2F5D7B2}.Release|Android+Windows.Build.0 = Release|x64
		{2E1F4BB3-3BD7-43AD-8E64-D3B8A2F5D7B2}.Release|Any CPU.ActiveCfg = Release|x64
		{2E1F4BB3-3BD7-43AD-8E64-D3B8A2F5D7B2}.Release|Any CPU.Build.0 = Release|x64
		{2E1F4BB3-3BD7-43AD-8E64-D3B8A2F5D7B2}.Release|ARM.ActiveCfg = Release|Win32
		{2E1F4BB3-3BD7-43AD-8E64-D3B8A2F5D7B2}.Release|ARM64.ActiveCfg = Release|Win32
		{2E1F4BB3-3BD7-43AD-8E64-D3B8A2F5D7B2}.Release|iPhone.ActiveCfg = Release|x64
		{2E1F4BB3-3BD7-43AD-8E64-D3B8A2F5D7B2}.Release|iPhoneSimulator.ActiveCfg = Release|x64
		{2E1F4BB3-3BD7-43AD-8E64-D3B8A2F5D7B2}.Release|Win32.ActiveCfg = Release|Win32
		{2E1F4BB3-3BD7-43AD-8E64-D3B8A2F5D7B2}.Release|Win32.Build.0 = Release|Win32
		{2E1F4BB3-3BD7-43AD-8E64-D3B8A2F5D7B2}.Release|x64.ActiveCfg = Release|x64
		{2E1F4BB3-3BD7-43AD-8E64-D3B8A2F5D7B2}.Release|x64.Build.0 = Release|x64
		{BAA70D0F-3EC7-4D10-91F0-974F1F49308B}.Debug|Android+Windows.ActiveCfg = Debug|Win32
		{BAA70D0F-3EC7-4D10-91F0-974F1F49308B}.Debug|Android+Windows.Build.0 = Debug|Win32
		{BAA70D0F-3EC7-4D10-91F0-974F1F49308B}.Debug|Any CPU.ActiveCfg = Debug|Win32
		{BAA70D0F-3EC7-4D10-91F0-974F1F49308B}.Debug|Any CPU.Build.0 = Debug|Win32
		{BAA70D0F-3EC7-4D10-91F0-974F1F49308B}.Debug|ARM.ActiveCfg = Debug|x64
		{BAA70D0F-3EC7-4D10-91F0-974F1F49308B}.Debug|ARM64.ActiveCfg = Debug|x64
		{BAA70D0F-3EC7-4D10-91F0-974F1F49308B}.Debug|iPhone.ActiveCfg = Debug|x64
		{BAA70D0F-3EC7-4D10-91F0-974F1F49308B}.Debug|iPhoneSimulator.ActiveCfg = Debug|x64
		{BAA70D0F-3EC7-4D10-91F0-974F1F49308B}.Debug|Win32.ActiveCfg = Debug|Win32
		{BAA70D0F-3EC7-4D10-91F0-974F1F49308B}.Debug|Win32.Build.0 = Debug|Win32
		{BAA70D0F-3EC7-4D10-91F0-974F1F49308B}.Debug|x64.ActiveCfg = Debug|x64
		{BAA70D0F-3EC7-4D10-91F0-974F1F49308B}.Debug|x64.Build.0 = Debug|x64
		{BAA70D0F-3EC7-4D10-91F0-974F1F49308B}.Release|Android+Windows.ActiveCfg = Release|x64
		{BAA70D0F-3EC7-4D10-91F0-974F1F49308B}.Release|Android+Windows.Build.0 = Release|x64
		{BAA70D0F-3EC7-4D10-91F0-974F1F49308B}.Release|Any CPU.ActiveCfg = Release|x64
		{BAA70D0F-3EC7-4D10-91F0-974F1F49308B}.Release|Any CPU.Build.0 = Release|x64
		{BAA70D0F-3EC7-4D10-91F0-974F1F49308B}.Release|ARM.ActiveCfg = Release|Win32
		{BAA70D0F-3EC7-4D10-91F0-974F1F49308B}.Release|ARM64.ActiveCfg = Release|Win32
		{BAA70D0F-3EC7-4D10-91F0-974F1F49308B}.Release|iPhone.ActiveCfg = Release|x64
		{BAA70D0F-3EC7-4D10-91F0-974F1F49308B}.Release|iPhoneSimulator.ActiveCfg = Release|x64
		{BAA70D0F-3EC7-4D10-91F0-974F1F49308B}.Release|Win32.ActiveCfg = Release|Win32
		{BAA70D0F-3EC7-4D10-91F0-974F1F49308B}.Release|Win32.Build.0 = Release|Win32
		{BAA70D0F-3EC7-4D10-91F0-974F1F49308B}.Release|x64.ActiveCfg = Release|x64
		{BAA70D0F-3EC7-4D10-91F0-974F1F49308B}.Release|x64.Build.0 = Release|x64
		{0E0D76B5-BC9B-4BF7-9C63-334C4B3287AA}.Debug|Android+Windows.ActiveCfg = Debug|Any CPU
		{0E0D76B5-BC9B-4BF7-9C63-334C4B3287AA}.Debug|Any CPU.ActiveCfg = Debug|Any CPU
		{0E0D76B5-BC9B-4BF7-9C63-334C4B3287AA}.Debug|ARM.ActiveCfg = Debug|Any CPU
		{0E0D76B5-BC9B-4BF7-9C63-334C4B3287AA}.Debug|ARM.Build.0 = Debug|Any CPU
		{0E0D76B5-BC9B-4BF7-9C63-334C4B3287AA}.Debug|ARM64.ActiveCfg = Debug|Any CPU
		{0E0D76B5-BC9B-4BF7-9C63-334C4B3287AA}.Debug|iPhone.ActiveCfg = Debug|Any CPU
		{0E0D76B5-BC9B-4BF7-9C63-334C4B3287AA}.Debug|iPhoneSimulator.ActiveCfg = Debug|Any CPU
		{0E0D76B5-BC9B-4BF7-9C63-334C4B3287AA}.Debug|Win32.ActiveCfg = Debug|Any CPU
		{0E0D76B5-BC9B-4BF7-9C63-334C4B3287AA}.Debug|x64.ActiveCfg = Debug|Any CPU
		{0E0D76B5-BC9B-4BF7-9C63-334C4B3287AA}.Release|Android+Windows.ActiveCfg = Release|Any CPU
		{0E0D76B5-BC9B-4BF7-9C63-334C4B3287AA}.Release|Android+Windows.Build.0 = Release|Any CPU
		{0E0D76B5-BC9B-4BF7-9C63-334C4B3287AA}.Release|Any CPU.ActiveCfg = Release|Any CPU
		{0E0D76B5-BC9B-4BF7-9C63-334C4B3287AA}.Release|Any CPU.Build.0 = Release|Any CPU
		{0E0D76B5-BC9B-4BF7-9C63-334C4B3287AA}.Release|ARM.ActiveCfg = Release|Any CPU
		{0E0D76B5-BC9B-4BF7-9C63-334C4B3287AA}.Release|ARM.Build.0 = Release|Any CPU
		{0E0D76B5-BC9B-4BF7-9C63-334C4B3287AA}.Release|ARM64.ActiveCfg = Release|Any CPU
		{0E0D76B5-BC9B-4BF7-9C63-334C4B3287AA}.Release|iPhone.ActiveCfg = Release|Any CPU
		{0E0D76B5-BC9B-4BF7-9C63-334C4B3287AA}.Release|iPhoneSimulator.ActiveCfg = Release|Any CPU
		{0E0D76B5-BC9B-4BF7-9C63-334C4B3287AA}.Release|Win32.ActiveCfg = Release|Any CPU
		{0E0D76B5-BC9B-4BF7-9C63-334C4B3287AA}.Release|Win32.Build.0 = Release|Any CPU
		{0E0D76B5-BC9B-4BF7-9C63-334C4B3287AA}.Release|x64.ActiveCfg = Release|Any CPU
		{272434B5-141B-48AD-9C5E-87F0CB6C5161}.Debug|Android+Windows.ActiveCfg = Debug|Any CPU
		{272434B5-141B-48AD-9C5E-87F0CB6C5161}.Debug|Android+Windows.Build.0 = Debug|Any CPU
		{272434B5-141B-48AD-9C5E-87F0CB6C5161}.Debug|Any CPU.ActiveCfg = Debug|Any CPU
		{272434B5-141B-48AD-9C5E-87F0CB6C5161}.Debug|Any CPU.Build.0 = Debug|Any CPU
		{272434B5-141B-48AD-9C5E-87F0CB6C5161}.Debug|ARM.ActiveCfg = Debug|Any CPU
		{272434B5-141B-48AD-9C5E-87F0CB6C5161}.Debug|ARM.Build.0 = Debug|Any CPU
		{272434B5-141B-48AD-9C5E-87F0CB6C5161}.Debug|ARM64.ActiveCfg = Debug|Any CPU
		{272434B5-141B-48AD-9C5E-87F0CB6C5161}.Debug|iPhone.ActiveCfg = Debug|Any CPU
		{272434B5-141B-48AD-9C5E-87F0CB6C5161}.Debug|iPhoneSimulator.ActiveCfg = Debug|Any CPU
		{272434B5-141B-48AD-9C5E-87F0CB6C5161}.Debug|Win32.ActiveCfg = Debug|Any CPU
		{272434B5-141B-48AD-9C5E-87F0CB6C5161}.Debug|Win32.Build.0 = Debug|Any CPU
		{272434B5-141B-48AD-9C5E-87F0CB6C5161}.Debug|x64.ActiveCfg = Debug|Any CPU
		{272434B5-141B-48AD-9C5E-87F0CB6C5161}.Release|Android+Windows.ActiveCfg = Release|Any CPU
		{272434B5-141B-48AD-9C5E-87F0CB6C5161}.Release|Android+Windows.Build.0 = Release|Any CPU
		{272434B5-141B-48AD-9C5E-87F0CB6C5161}.Release|Any CPU.ActiveCfg = Release|Any CPU
		{272434B5-141B-48AD-9C5E-87F0CB6C5161}.Release|Any CPU.Build.0 = Release|Any CPU
		{272434B5-141B-48AD-9C5E-87F0CB6C5161}.Release|ARM.ActiveCfg = Release|Any CPU
		{272434B5-141B-48AD-9C5E-87F0CB6C5161}.Release|ARM.Build.0 = Release|Any CPU
		{272434B5-141B-48AD-9C5E-87F0CB6C5161}.Release|ARM64.ActiveCfg = Release|Any CPU
		{272434B5-141B-48AD-9C5E-87F0CB6C5161}.Release|iPhone.ActiveCfg = Release|Any CPU
		{272434B5-141B-48AD-9C5E-87F0CB6C5161}.Release|iPhoneSimulator.ActiveCfg = Release|Any CPU
		{272434B5-141B-48AD-9C5E-87F0CB6C5161}.Release|Win32.ActiveCfg = Release|Any CPU
		{272434B5-141B-48AD-9C5E-87F0CB6C5161}.Release|Win32.Build.0 = Release|Any CPU
		{272434B5-141B-48AD-9C5E-87F0CB6C5161}.Release|x64.ActiveCfg = Release|Any CPU
		{31BFD9BC-3798-4A01-ADBD-59CD1D323C66}.Debug|Android+Windows.ActiveCfg = Debug|x64
		{31BFD9BC-3798-4A01-ADBD-59CD1D323C66}.Debug|Android+Windows.Build.0 = Debug|x64
		{31BFD9BC-3798-4A01-ADBD-59CD1D323C66}.Debug|Any CPU.ActiveCfg = Debug|x64
		{31BFD9BC-3798-4A01-ADBD-59CD1D323C66}.Debug|Any CPU.Build.0 = Debug|x64
		{31BFD9BC-3798-4A01-ADBD-59CD1D323C66}.Debug|ARM.ActiveCfg = Debug|x64
		{31BFD9BC-3798-4A01-ADBD-59CD1D323C66}.Debug|ARM.Build.0 = Debug|x64
		{31BFD9BC-3798-4A01-ADBD-59CD1D323C66}.Debug|ARM64.ActiveCfg = Debug|x64
		{31BFD9BC-3798-4A01-ADBD-59CD1D323C66}.Debug|iPhone.ActiveCfg = Debug|x64
		{31BFD9BC-3798-4A01-ADBD-59CD1D323C66}.Debug|iPhoneSimulator.ActiveCfg = Debug|x64
		{31BFD9BC-3798-4A01-ADBD-59CD1D323C66}.Debug|Win32.ActiveCfg = Debug|Win32
		{31BFD9BC-3798-4A01-ADBD-59CD1D323C66}.Debug|Win32.Build.0 = Debug|Win32
		{31BFD9BC-3798-4A01-ADBD-59CD1D323C66}.Debug|x64.ActiveCfg = Debug|x64
		{31BFD9BC-3798-4A01-ADBD-59CD1D323C66}.Release|Android+Windows.ActiveCfg = Release|x64
		{31BFD9BC-3798-4A01-ADBD-59CD1D323C66}.Release|Android+Windows.Build.0 = Release|x64
		{31BFD9BC-3798-4A01-ADBD-59CD1D323C66}.Release|Any CPU.ActiveCfg = Release|x64
		{31BFD9BC-3798-4A01-ADBD-59CD1D323C66}.Release|Any CPU.Build.0 = Release|x64
		{31BFD9BC-3798-4A01-ADBD-59CD1D323C66}.Release|ARM.ActiveCfg = Release|Win32
		{31BFD9BC-3798-4A01-ADBD-59CD1D323C66}.Release|ARM64.ActiveCfg = Release|Win32
		{31BFD9BC-3798-4A01-ADBD-59CD1D323C66}.Release|iPhone.ActiveCfg = Release|x64
		{31BFD9BC-3798-4A01-ADBD-59CD1D323C66}.Release|iPhoneSimulator.ActiveCfg = Release|x64
		{31BFD9BC-3798-4A01-ADBD-59CD1D323C66}.Release|Win32.ActiveCfg = Release|Win32
		{31BFD9BC-3798-4A01-ADBD-59CD1D323C66}.Release|Win32.Build.0 = Release|Win32
		{31BFD9BC-3798-4A01-ADBD-59CD1D323C66}.Release|x64.ActiveCfg = Release|x64
		{40516BC7-AC45-4F0C-9754-6C6A381302AB}.Debug|Android+Windows.ActiveCfg = Debug|Any CPU
		{40516BC7-AC45-4F0C-9754-6C6A381302AB}.Debug|Android+Windows.Build.0 = Debug|Any CPU
		{40516BC7-AC45-4F0C-9754-6C6A381302AB}.Debug|Any CPU.ActiveCfg = Debug|Any CPU
		{40516BC7-AC45-4F0C-9754-6C6A381302AB}.Debug|Any CPU.Build.0 = Debug|Any CPU
		{40516BC7-AC45-4F0C-9754-6C6A381302AB}.Debug|ARM.ActiveCfg = Debug|Any CPU
		{40516BC7-AC45-4F0C-9754-6C6A381302AB}.Debug|ARM.Build.0 = Debug|Any CPU
		{40516BC7-AC45-4F0C-9754-6C6A381302AB}.Debug|ARM64.ActiveCfg = Debug|Any CPU
		{40516BC7-AC45-4F0C-9754-6C6A381302AB}.Debug|ARM64.Build.0 = Debug|Any CPU
		{40516BC7-AC45-4F0C-9754-6C6A381302AB}.Debug|iPhone.ActiveCfg = Debug|Any CPU
		{40516BC7-AC45-4F0C-9754-6C6A381302AB}.Debug|iPhone.Build.0 = Debug|Any CPU
		{40516BC7-AC45-4F0C-9754-6C6A381302AB}.Debug|iPhoneSimulator.ActiveCfg = Debug|Any CPU
		{40516BC7-AC45-4F0C-9754-6C6A381302AB}.Debug|iPhoneSimulator.Build.0 = Debug|Any CPU
		{40516BC7-AC45-4F0C-9754-6C6A381302AB}.Debug|Win32.ActiveCfg = Debug|Any CPU
		{40516BC7-AC45-4F0C-9754-6C6A381302AB}.Debug|Win32.Build.0 = Debug|Any CPU
		{40516BC7-AC45-4F0C-9754-6C6A381302AB}.Debug|x64.ActiveCfg = Debug|Any CPU
		{40516BC7-AC45-4F0C-9754-6C6A381302AB}.Release|Android+Windows.ActiveCfg = Release|Any CPU
		{40516BC7-AC45-4F0C-9754-6C6A381302AB}.Release|Android+Windows.Build.0 = Release|Any CPU
		{40516BC7-AC45-4F0C-9754-6C6A381302AB}.Release|Any CPU.ActiveCfg = Release|Any CPU
		{40516BC7-AC45-4F0C-9754-6C6A381302AB}.Release|Any CPU.Build.0 = Release|Any CPU
		{40516BC7-AC45-4F0C-9754-6C6A381302AB}.Release|ARM.ActiveCfg = Release|Any CPU
		{40516BC7-AC45-4F0C-9754-6C6A381302AB}.Release|ARM.Build.0 = Release|Any CPU
		{40516BC7-AC45-4F0C-9754-6C6A381302AB}.Release|ARM64.ActiveCfg = Release|Any CPU
		{40516BC7-AC45-4F0C-9754-6C6A381302AB}.Release|ARM64.Build.0 = Release|Any CPU
		{40516BC7-AC45-4F0C-9754-6C6A381302AB}.Release|iPhone.ActiveCfg = Release|Any CPU
		{40516BC7-AC45-4F0C-9754-6C6A381302AB}.Release|iPhone.Build.0 = Release|Any CPU
		{40516BC7-AC45-4F0C-9754-6C6A381302AB}.Release|iPhoneSimulator.ActiveCfg = Release|Any CPU
		{40516BC7-AC45-4F0C-9754-6C6A381302AB}.Release|iPhoneSimulator.Build.0 = Release|Any CPU
		{40516BC7-AC45-4F0C-9754-6C6A381302AB}.Release|Win32.ActiveCfg = Release|Any CPU
		{40516BC7-AC45-4F0C-9754-6C6A381302AB}.Release|Win32.Build.0 = Release|Any CPU
		{40516BC7-AC45-4F0C-9754-6C6A381302AB}.Release|x64.ActiveCfg = Release|Any CPU
		{FC538EE2-A6CA-4443-96C3-88441272B242}.Debug|Android+Windows.ActiveCfg = Debug|x86
		{FC538EE2-A6CA-4443-96C3-88441272B242}.Debug|Any CPU.ActiveCfg = Debug|x86
		{FC538EE2-A6CA-4443-96C3-88441272B242}.Debug|ARM.ActiveCfg = Debug|ARM
		{FC538EE2-A6CA-4443-96C3-88441272B242}.Debug|ARM.Deploy.0 = Debug|ARM
		{FC538EE2-A6CA-4443-96C3-88441272B242}.Debug|ARM64.ActiveCfg = Debug|x64
		{FC538EE2-A6CA-4443-96C3-88441272B242}.Debug|iPhone.ActiveCfg = Debug|x64
		{FC538EE2-A6CA-4443-96C3-88441272B242}.Debug|iPhoneSimulator.ActiveCfg = Debug|x64
		{FC538EE2-A6CA-4443-96C3-88441272B242}.Debug|Win32.ActiveCfg = Debug|x86
		{FC538EE2-A6CA-4443-96C3-88441272B242}.Debug|Win32.Build.0 = Debug|x86
		{FC538EE2-A6CA-4443-96C3-88441272B242}.Debug|Win32.Deploy.0 = Debug|x86
		{FC538EE2-A6CA-4443-96C3-88441272B242}.Debug|x64.ActiveCfg = Debug|x64
		{FC538EE2-A6CA-4443-96C3-88441272B242}.Release|Android+Windows.ActiveCfg = Release|x64
		{FC538EE2-A6CA-4443-96C3-88441272B242}.Release|Any CPU.ActiveCfg = Release|x64
		{FC538EE2-A6CA-4443-96C3-88441272B242}.Release|ARM.ActiveCfg = Release|ARM
		{FC538EE2-A6CA-4443-96C3-88441272B242}.Release|ARM.Build.0 = Release|ARM
		{FC538EE2-A6CA-4443-96C3-88441272B242}.Release|ARM.Deploy.0 = Release|ARM
		{FC538EE2-A6CA-4443-96C3-88441272B242}.Release|ARM64.ActiveCfg = Release|x86
		{FC538EE2-A6CA-4443-96C3-88441272B242}.Release|iPhone.ActiveCfg = Release|x64
		{FC538EE2-A6CA-4443-96C3-88441272B242}.Release|iPhoneSimulator.ActiveCfg = Release|x64
		{FC538EE2-A6CA-4443-96C3-88441272B242}.Release|Win32.ActiveCfg = Release|x86
		{FC538EE2-A6CA-4443-96C3-88441272B242}.Release|Win32.Build.0 = Release|x86
		{FC538EE2-A6CA-4443-96C3-88441272B242}.Release|Win32.Deploy.0 = Release|x86
		{FC538EE2-A6CA-4443-96C3-88441272B242}.Release|x64.ActiveCfg = Release|x64
		{E4915AD3-CA01-44FE-A99F-0D6E9DC49F08}.Debug|Android+Windows.ActiveCfg = Debug|Any CPU
		{E4915AD3-CA01-44FE-A99F-0D6E9DC49F08}.Debug|Android+Windows.Build.0 = Debug|Any CPU
		{E4915AD3-CA01-44FE-A99F-0D6E9DC49F08}.Debug|Android+Windows.Deploy.0 = Debug|Any CPU
		{E4915AD3-CA01-44FE-A99F-0D6E9DC49F08}.Debug|Any CPU.ActiveCfg = Debug|Any CPU
		{E4915AD3-CA01-44FE-A99F-0D6E9DC49F08}.Debug|Any CPU.Build.0 = Debug|Any CPU
		{E4915AD3-CA01-44FE-A99F-0D6E9DC49F08}.Debug|Any CPU.Deploy.0 = Debug|Any CPU
		{E4915AD3-CA01-44FE-A99F-0D6E9DC49F08}.Debug|ARM.ActiveCfg = Debug|Any CPU
		{E4915AD3-CA01-44FE-A99F-0D6E9DC49F08}.Debug|ARM.Build.0 = Debug|Any CPU
		{E4915AD3-CA01-44FE-A99F-0D6E9DC49F08}.Debug|ARM.Deploy.0 = Debug|Any CPU
		{E4915AD3-CA01-44FE-A99F-0D6E9DC49F08}.Debug|ARM64.ActiveCfg = Debug|Any CPU
		{E4915AD3-CA01-44FE-A99F-0D6E9DC49F08}.Debug|ARM64.Build.0 = Debug|Any CPU
		{E4915AD3-CA01-44FE-A99F-0D6E9DC49F08}.Debug|ARM64.Deploy.0 = Debug|Any CPU
		{E4915AD3-CA01-44FE-A99F-0D6E9DC49F08}.Debug|iPhone.ActiveCfg = Debug|Any CPU
		{E4915AD3-CA01-44FE-A99F-0D6E9DC49F08}.Debug|iPhoneSimulator.ActiveCfg = Debug|Any CPU
		{E4915AD3-CA01-44FE-A99F-0D6E9DC49F08}.Debug|Win32.ActiveCfg = Debug|Any CPU
		{E4915AD3-CA01-44FE-A99F-0D6E9DC49F08}.Debug|Win32.Build.0 = Debug|Any CPU
		{E4915AD3-CA01-44FE-A99F-0D6E9DC49F08}.Debug|Win32.Deploy.0 = Debug|Any CPU
		{E4915AD3-CA01-44FE-A99F-0D6E9DC49F08}.Debug|x64.ActiveCfg = Debug|Any CPU
		{E4915AD3-CA01-44FE-A99F-0D6E9DC49F08}.Release|Android+Windows.ActiveCfg = Release|Any CPU
		{E4915AD3-CA01-44FE-A99F-0D6E9DC49F08}.Release|Android+Windows.Build.0 = Release|Any CPU
		{E4915AD3-CA01-44FE-A99F-0D6E9DC49F08}.Release|Android+Windows.Deploy.0 = Release|Any CPU
		{E4915AD3-CA01-44FE-A99F-0D6E9DC49F08}.Release|Any CPU.ActiveCfg = Release|Any CPU
		{E4915AD3-CA01-44FE-A99F-0D6E9DC49F08}.Release|Any CPU.Build.0 = Release|Any CPU
		{E4915AD3-CA01-44FE-A99F-0D6E9DC49F08}.Release|Any CPU.Deploy.0 = Release|Any CPU
		{E4915AD3-CA01-44FE-A99F-0D6E9DC49F08}.Release|ARM.ActiveCfg = Release|Any CPU
		{E4915AD3-CA01-44FE-A99F-0D6E9DC49F08}.Release|ARM.Build.0 = Release|Any CPU
		{E4915AD3-CA01-44FE-A99F-0D6E9DC49F08}.Release|ARM.Deploy.0 = Release|Any CPU
		{E4915AD3-CA01-44FE-A99F-0D6E9DC49F08}.Release|ARM64.ActiveCfg = Release|Any CPU
		{E4915AD3-CA01-44FE-A99F-0D6E9DC49F08}.Release|ARM64.Build.0 = Release|Any CPU
		{E4915AD3-CA01-44FE-A99F-0D6E9DC49F08}.Release|ARM64.Deploy.0 = Release|Any CPU
		{E4915AD3-CA01-44FE-A99F-0D6E9DC49F08}.Release|iPhone.ActiveCfg = Release|Any CPU
		{E4915AD3-CA01-44FE-A99F-0D6E9DC49F08}.Release|iPhoneSimulator.ActiveCfg = Release|Any CPU
		{E4915AD3-CA01-44FE-A99F-0D6E9DC49F08}.Release|Win32.ActiveCfg = Release|Any CPU
		{E4915AD3-CA01-44FE-A99F-0D6E9DC49F08}.Release|Win32.Build.0 = Release|Any CPU
		{E4915AD3-CA01-44FE-A99F-0D6E9DC49F08}.Release|Win32.Deploy.0 = Release|Any CPU
		{E4915AD3-CA01-44FE-A99F-0D6E9DC49F08}.Release|x64.ActiveCfg = Release|Any CPU
		{0BBCFE15-9A3B-4175-A543-24B39C812D9E}.Debug|Android+Windows.ActiveCfg = Debug|iPhone
		{0BBCFE15-9A3B-4175-A543-24B39C812D9E}.Debug|Any CPU.ActiveCfg = Debug|iPhone
		{0BBCFE15-9A3B-4175-A543-24B39C812D9E}.Debug|Any CPU.Build.0 = Debug|iPhone
		{0BBCFE15-9A3B-4175-A543-24B39C812D9E}.Debug|Any CPU.Deploy.0 = Debug|iPhone
		{0BBCFE15-9A3B-4175-A543-24B39C812D9E}.Debug|ARM.ActiveCfg = Debug|iPhoneSimulator
		{0BBCFE15-9A3B-4175-A543-24B39C812D9E}.Debug|ARM64.ActiveCfg = Debug|iPhone
		{0BBCFE15-9A3B-4175-A543-24B39C812D9E}.Debug|iPhone.ActiveCfg = Debug|iPhone
		{0BBCFE15-9A3B-4175-A543-24B39C812D9E}.Debug|iPhone.Build.0 = Debug|iPhone
		{0BBCFE15-9A3B-4175-A543-24B39C812D9E}.Debug|iPhone.Deploy.0 = Debug|iPhone
		{0BBCFE15-9A3B-4175-A543-24B39C812D9E}.Debug|iPhoneSimulator.ActiveCfg = Debug|iPhoneSimulator
		{0BBCFE15-9A3B-4175-A543-24B39C812D9E}.Debug|iPhoneSimulator.Build.0 = Debug|iPhoneSimulator
		{0BBCFE15-9A3B-4175-A543-24B39C812D9E}.Debug|Win32.ActiveCfg = Debug|iPhoneSimulator
		{0BBCFE15-9A3B-4175-A543-24B39C812D9E}.Debug|x64.ActiveCfg = Debug|iPhone
		{0BBCFE15-9A3B-4175-A543-24B39C812D9E}.Release|Android+Windows.ActiveCfg = Release|iPhone
		{0BBCFE15-9A3B-4175-A543-24B39C812D9E}.Release|Any CPU.ActiveCfg = Release|iPhone
		{0BBCFE15-9A3B-4175-A543-24B39C812D9E}.Release|Any CPU.Build.0 = Release|iPhone
		{0BBCFE15-9A3B-4175-A543-24B39C812D9E}.Release|Any CPU.Deploy.0 = Release|iPhone
		{0BBCFE15-9A3B-4175-A543-24B39C812D9E}.Release|ARM.ActiveCfg = Release|iPhoneSimulator
		{0BBCFE15-9A3B-4175-A543-24B39C812D9E}.Release|ARM64.ActiveCfg = Release|iPhone
		{0BBCFE15-9A3B-4175-A543-24B39C812D9E}.Release|iPhone.ActiveCfg = Release|iPhone
		{0BBCFE15-9A3B-4175-A543-24B39C812D9E}.Release|iPhone.Build.0 = Release|iPhone
		{0BBCFE15-9A3B-4175-A543-24B39C812D9E}.Release|iPhone.Deploy.0 = Release|iPhone
		{0BBCFE15-9A3B-4175-A543-24B39C812D9E}.Release|iPhoneSimulator.ActiveCfg = Release|iPhoneSimulator
		{0BBCFE15-9A3B-4175-A543-24B39C812D9E}.Release|iPhoneSimulator.Build.0 = Release|iPhoneSimulator
		{0BBCFE15-9A3B-4175-A543-24B39C812D9E}.Release|Win32.ActiveCfg = Release|iPhoneSimulator
		{0BBCFE15-9A3B-4175-A543-24B39C812D9E}.Release|x64.ActiveCfg = Release|iPhone
		{514A3E21-9E1F-4F19-B8C3-77898D1326F6}.Debug|Android+Windows.ActiveCfg = Debug|Any CPU
		{514A3E21-9E1F-4F19-B8C3-77898D1326F6}.Debug|Android+Windows.Build.0 = Debug|Any CPU
		{514A3E21-9E1F-4F19-B8C3-77898D1326F6}.Debug|Any CPU.ActiveCfg = Debug|Any CPU
		{514A3E21-9E1F-4F19-B8C3-77898D1326F6}.Debug|Any CPU.Build.0 = Debug|Any CPU
		{514A3E21-9E1F-4F19-B8C3-77898D1326F6}.Debug|ARM.ActiveCfg = Debug|Any CPU
		{514A3E21-9E1F-4F19-B8C3-77898D1326F6}.Debug|ARM.Build.0 = Debug|Any CPU
		{514A3E21-9E1F-4F19-B8C3-77898D1326F6}.Debug|ARM64.ActiveCfg = Debug|Any CPU
		{514A3E21-9E1F-4F19-B8C3-77898D1326F6}.Debug|ARM64.Build.0 = Debug|Any CPU
		{514A3E21-9E1F-4F19-B8C3-77898D1326F6}.Debug|iPhone.ActiveCfg = Debug|Any CPU
		{514A3E21-9E1F-4F19-B8C3-77898D1326F6}.Debug|iPhone.Build.0 = Debug|Any CPU
		{514A3E21-9E1F-4F19-B8C3-77898D1326F6}.Debug|iPhoneSimulator.ActiveCfg = Debug|Any CPU
		{514A3E21-9E1F-4F19-B8C3-77898D1326F6}.Debug|iPhoneSimulator.Build.0 = Debug|Any CPU
		{514A3E21-9E1F-4F19-B8C3-77898D1326F6}.Debug|Win32.ActiveCfg = Debug|Any CPU
		{514A3E21-9E1F-4F19-B8C3-77898D1326F6}.Debug|Win32.Build.0 = Debug|Any CPU
		{514A3E21-9E1F-4F19-B8C3-77898D1326F6}.Debug|x64.ActiveCfg = Debug|Any CPU
		{514A3E21-9E1F-4F19-B8C3-77898D1326F6}.Release|Android+Windows.ActiveCfg = Release|Any CPU
		{514A3E21-9E1F-4F19-B8C3-77898D1326F6}.Release|Android+Windows.Build.0 = Release|Any CPU
		{514A3E21-9E1F-4F19-B8C3-77898D1326F6}.Release|Any CPU.ActiveCfg = Release|Any CPU
		{514A3E21-9E1F-4F19-B8C3-77898D1326F6}.Release|Any CPU.Build.0 = Release|Any CPU
		{514A3E21-9E1F-4F19-B8C3-77898D1326F6}.Release|ARM.ActiveCfg = Release|Any CPU
		{514A3E21-9E1F-4F19-B8C3-77898D1326F6}.Release|ARM.Build.0 = Release|Any CPU
		{514A3E21-9E1F-4F19-B8C3-77898D1326F6}.Release|ARM64.ActiveCfg = Release|Any CPU
		{514A3E21-9E1F-4F19-B8C3-77898D1326F6}.Release|ARM64.Build.0 = Release|Any CPU
		{514A3E21-9E1F-4F19-B8C3-77898D1326F6}.Release|iPhone.ActiveCfg = Release|Any CPU
		{514A3E21-9E1F-4F19-B8C3-77898D1326F6}.Release|iPhone.Build.0 = Release|Any CPU
		{514A3E21-9E1F-4F19-B8C3-77898D1326F6}.Release|iPhoneSimulator.ActiveCfg = Release|Any CPU
		{514A3E21-9E1F-4F19-B8C3-77898D1326F6}.Release|iPhoneSimulator.Build.0 = Release|Any CPU
		{514A3E21-9E1F-4F19-B8C3-77898D1326F6}.Release|Win32.ActiveCfg = Release|Any CPU
		{514A3E21-9E1F-4F19-B8C3-77898D1326F6}.Release|Win32.Build.0 = Release|Any CPU
		{514A3E21-9E1F-4F19-B8C3-77898D1326F6}.Release|x64.ActiveCfg = Release|Any CPU
		{6603A81B-B0D4-4119-B731-77C579AC7C86}.Debug|Android+Windows.ActiveCfg = Debug|Any CPU
		{6603A81B-B0D4-4119-B731-77C579AC7C86}.Debug|Android+Windows.Build.0 = Debug|Any CPU
		{6603A81B-B0D4-4119-B731-77C579AC7C86}.Debug|Any CPU.ActiveCfg = Debug|Any CPU
		{6603A81B-B0D4-4119-B731-77C579AC7C86}.Debug|Any CPU.Build.0 = Debug|Any CPU
		{6603A81B-B0D4-4119-B731-77C579AC7C86}.Debug|ARM.ActiveCfg = Debug|Any CPU
		{6603A81B-B0D4-4119-B731-77C579AC7C86}.Debug|ARM.Build.0 = Debug|Any CPU
		{6603A81B-B0D4-4119-B731-77C579AC7C86}.Debug|ARM64.ActiveCfg = Debug|Any CPU
		{6603A81B-B0D4-4119-B731-77C579AC7C86}.Debug|ARM64.Build.0 = Debug|Any CPU
		{6603A81B-B0D4-4119-B731-77C579AC7C86}.Debug|iPhone.ActiveCfg = Debug|Any CPU
		{6603A81B-B0D4-4119-B731-77C579AC7C86}.Debug|iPhoneSimulator.ActiveCfg = Debug|Any CPU
		{6603A81B-B0D4-4119-B731-77C579AC7C86}.Debug|Win32.ActiveCfg = Debug|Any CPU
		{6603A81B-B0D4-4119-B731-77C579AC7C86}.Debug|Win32.Build.0 = Debug|Any CPU
		{6603A81B-B0D4-4119-B731-77C579AC7C86}.Debug|x64.ActiveCfg = Debug|Any CPU
		{6603A81B-B0D4-4119-B731-77C579AC7C86}.Release|Android+Windows.ActiveCfg = Release|Any CPU
		{6603A81B-B0D4-4119-B731-77C579AC7C86}.Release|Android+Windows.Build.0 = Release|Any CPU
		{6603A81B-B0D4-4119-B731-77C579AC7C86}.Release|Any CPU.ActiveCfg = Release|Any CPU
		{6603A81B-B0D4-4119-B731-77C579AC7C86}.Release|Any CPU.Build.0 = Release|Any CPU
		{6603A81B-B0D4-4119-B731-77C579AC7C86}.Release|ARM.ActiveCfg = Release|Any CPU
		{6603A81B-B0D4-4119-B731-77C579AC7C86}.Release|ARM.Build.0 = Release|Any CPU
		{6603A81B-B0D4-4119-B731-77C579AC7C86}.Release|ARM64.ActiveCfg = Release|Any CPU
		{6603A81B-B0D4-4119-B731-77C579AC7C86}.Release|ARM64.Build.0 = Release|Any CPU
		{6603A81B-B0D4-4119-B731-77C579AC7C86}.Release|iPhone.ActiveCfg = Release|Any CPU
		{6603A81B-B0D4-4119-B731-77C579AC7C86}.Release|iPhoneSimulator.ActiveCfg = Release|Any CPU
		{6603A81B-B0D4-4119-B731-77C579AC7C86}.Release|Win32.ActiveCfg = Release|Any CPU
		{6603A81B-B0D4-4119-B731-77C579AC7C86}.Release|Win32.Build.0 = Release|Any CPU
		{6603A81B-B0D4-4119-B731-77C579AC7C86}.Release|x64.ActiveCfg = Release|Any CPU
		{51DAF34F-B699-442D-A9BA-4A3B2800A09A}.Debug|Android+Windows.ActiveCfg = Debug|ARM64
		{51DAF34F-B699-442D-A9BA-4A3B2800A09A}.Debug|Android+Windows.Build.0 = Debug|ARM64
		{51DAF34F-B699-442D-A9BA-4A3B2800A09A}.Debug|Any CPU.ActiveCfg = Debug|ARM64
		{51DAF34F-B699-442D-A9BA-4A3B2800A09A}.Debug|Any CPU.Build.0 = Debug|ARM64
		{51DAF34F-B699-442D-A9BA-4A3B2800A09A}.Debug|ARM.ActiveCfg = Debug|ARM
		{51DAF34F-B699-442D-A9BA-4A3B2800A09A}.Debug|ARM.Build.0 = Debug|ARM
		{51DAF34F-B699-442D-A9BA-4A3B2800A09A}.Debug|ARM64.ActiveCfg = Debug|ARM64
		{51DAF34F-B699-442D-A9BA-4A3B2800A09A}.Debug|ARM64.Build.0 = Debug|ARM64
		{51DAF34F-B699-442D-A9BA-4A3B2800A09A}.Debug|iPhone.ActiveCfg = Debug|ARM64
		{51DAF34F-B699-442D-A9BA-4A3B2800A09A}.Debug|iPhoneSimulator.ActiveCfg = Debug|ARM64
		{51DAF34F-B699-442D-A9BA-4A3B2800A09A}.Debug|Win32.ActiveCfg = Debug|x86
		{51DAF34F-B699-442D-A9BA-4A3B2800A09A}.Debug|Win32.Build.0 = Debug|x86
		{51DAF34F-B699-442D-A9BA-4A3B2800A09A}.Debug|x64.ActiveCfg = Debug|ARM64
		{51DAF34F-B699-442D-A9BA-4A3B2800A09A}.Release|Android+Windows.ActiveCfg = Release|ARM64
		{51DAF34F-B699-442D-A9BA-4A3B2800A09A}.Release|Android+Windows.Build.0 = Release|ARM64
		{51DAF34F-B699-442D-A9BA-4A3B2800A09A}.Release|Any CPU.ActiveCfg = Release|ARM64
		{51DAF34F-B699-442D-A9BA-4A3B2800A09A}.Release|Any CPU.Build.0 = Release|ARM64
		{51DAF34F-B699-442D-A9BA-4A3B2800A09A}.Release|ARM.ActiveCfg = Release|ARM
		{51DAF34F-B699-442D-A9BA-4A3B2800A09A}.Release|ARM.Build.0 = Release|ARM
		{51DAF34F-B699-442D-A9BA-4A3B2800A09A}.Release|ARM64.ActiveCfg = Release|ARM64
		{51DAF34F-B699-442D-A9BA-4A3B2800A09A}.Release|ARM64.Build.0 = Release|ARM64
		{51DAF34F-B699-442D-A9BA-4A3B2800A09A}.Release|iPhone.ActiveCfg = Release|ARM64
		{51DAF34F-B699-442D-A9BA-4A3B2800A09A}.Release|iPhoneSimulator.ActiveCfg = Release|ARM64
		{51DAF34F-B699-442D-A9BA-4A3B2800A09A}.Release|Win32.ActiveCfg = Release|x86
		{51DAF34F-B699-442D-A9BA-4A3B2800A09A}.Release|Win32.Build.0 = Release|x86
		{51DAF34F-B699-442D-A9BA-4A3B2800A09A}.Release|x64.ActiveCfg = Release|ARM64
		{19C1C54D-60D5-44AB-820E-7D07B180F153}.Debug|Android+Windows.ActiveCfg = Debug|x64
		{19C1C54D-60D5-44AB-820E-7D07B180F153}.Debug|Android+Windows.Build.0 = Debug|x64
		{19C1C54D-60D5-44AB-820E-7D07B180F153}.Debug|Any CPU.ActiveCfg = Debug|x64
		{19C1C54D-60D5-44AB-820E-7D07B180F153}.Debug|Any CPU.Build.0 = Debug|x64
		{19C1C54D-60D5-44AB-820E-7D07B180F153}.Debug|ARM.ActiveCfg = Debug|ARM
		{19C1C54D-60D5-44AB-820E-7D07B180F153}.Debug|ARM.Build.0 = Debug|ARM
		{19C1C54D-60D5-44AB-820E-7D07B180F153}.Debug|ARM.Deploy.0 = Debug|ARM
		{19C1C54D-60D5-44AB-820E-7D07B180F153}.Debug|ARM64.ActiveCfg = Debug|x64
		{19C1C54D-60D5-44AB-820E-7D07B180F153}.Debug|ARM64.Build.0 = Debug|x64
		{19C1C54D-60D5-44AB-820E-7D07B180F153}.Debug|ARM64.Deploy.0 = Debug|x64
		{19C1C54D-60D5-44AB-820E-7D07B180F153}.Debug|iPhone.ActiveCfg = Debug|x64
		{19C1C54D-60D5-44AB-820E-7D07B180F153}.Debug|iPhone.Build.0 = Debug|x64
		{19C1C54D-60D5-44AB-820E-7D07B180F153}.Debug|iPhoneSimulator.ActiveCfg = Debug|x64
		{19C1C54D-60D5-44AB-820E-7D07B180F153}.Debug|iPhoneSimulator.Build.0 = Debug|x64
		{19C1C54D-60D5-44AB-820E-7D07B180F153}.Debug|Win32.ActiveCfg = Debug|x86
		{19C1C54D-60D5-44AB-820E-7D07B180F153}.Debug|Win32.Build.0 = Debug|x86
		{19C1C54D-60D5-44AB-820E-7D07B180F153}.Debug|Win32.Deploy.0 = Debug|x86
		{19C1C54D-60D5-44AB-820E-7D07B180F153}.Debug|x64.ActiveCfg = Debug|x64
		{19C1C54D-60D5-44AB-820E-7D07B180F153}.Release|Android+Windows.ActiveCfg = Release|x64
		{19C1C54D-60D5-44AB-820E-7D07B180F153}.Release|Android+Windows.Build.0 = Release|x64
		{19C1C54D-60D5-44AB-820E-7D07B180F153}.Release|Any CPU.ActiveCfg = Release|x64
		{19C1C54D-60D5-44AB-820E-7D07B180F153}.Release|Any CPU.Build.0 = Release|x64
		{19C1C54D-60D5-44AB-820E-7D07B180F153}.Release|ARM.ActiveCfg = Release|ARM
		{19C1C54D-60D5-44AB-820E-7D07B180F153}.Release|ARM.Build.0 = Release|ARM
		{19C1C54D-60D5-44AB-820E-7D07B180F153}.Release|ARM.Deploy.0 = Release|ARM
		{19C1C54D-60D5-44AB-820E-7D07B180F153}.Release|ARM64.ActiveCfg = Release|ARM64
		{19C1C54D-60D5-44AB-820E-7D07B180F153}.Release|ARM64.Build.0 = Release|ARM64
		{19C1C54D-60D5-44AB-820E-7D07B180F153}.Release|ARM64.Deploy.0 = Release|ARM64
		{19C1C54D-60D5-44AB-820E-7D07B180F153}.Release|iPhone.ActiveCfg = Release|x64
		{19C1C54D-60D5-44AB-820E-7D07B180F153}.Release|iPhone.Build.0 = Release|x64
		{19C1C54D-60D5-44AB-820E-7D07B180F153}.Release|iPhoneSimulator.ActiveCfg = Release|x64
		{19C1C54D-60D5-44AB-820E-7D07B180F153}.Release|iPhoneSimulator.Build.0 = Release|x64
		{19C1C54D-60D5-44AB-820E-7D07B180F153}.Release|Win32.ActiveCfg = Release|x86
		{19C1C54D-60D5-44AB-820E-7D07B180F153}.Release|Win32.Build.0 = Release|x86
		{19C1C54D-60D5-44AB-820E-7D07B180F153}.Release|Win32.Deploy.0 = Release|x86
		{19C1C54D-60D5-44AB-820E-7D07B180F153}.Release|x64.ActiveCfg = Release|x64
		{F8445183-52F2-45A0-BB4F-B433F3B721F0}.Debug|Android+Windows.ActiveCfg = Debug|x64
		{F8445183-52F2-45A0-BB4F-B433F3B721F0}.Debug|Android+Windows.Build.0 = Debug|x64
		{F8445183-52F2-45A0-BB4F-B433F3B721F0}.Debug|Any CPU.ActiveCfg = Debug|x64
		{F8445183-52F2-45A0-BB4F-B433F3B721F0}.Debug|Any CPU.Build.0 = Debug|x64
		{F8445183-52F2-45A0-BB4F-B433F3B721F0}.Debug|ARM.ActiveCfg = Debug|ARM
		{F8445183-52F2-45A0-BB4F-B433F3B721F0}.Debug|ARM.Build.0 = Debug|ARM
		{F8445183-52F2-45A0-BB4F-B433F3B721F0}.Debug|ARM.Deploy.0 = Debug|ARM
		{F8445183-52F2-45A0-BB4F-B433F3B721F0}.Debug|ARM64.ActiveCfg = Debug|x64
		{F8445183-52F2-45A0-BB4F-B433F3B721F0}.Debug|ARM64.Build.0 = Debug|x64
		{F8445183-52F2-45A0-BB4F-B433F3B721F0}.Debug|ARM64.Deploy.0 = Debug|x64
		{F8445183-52F2-45A0-BB4F-B433F3B721F0}.Debug|iPhone.ActiveCfg = Debug|x64
		{F8445183-52F2-45A0-BB4F-B433F3B721F0}.Debug|iPhone.Build.0 = Debug|x64
		{F8445183-52F2-45A0-BB4F-B433F3B721F0}.Debug|iPhoneSimulator.ActiveCfg = Debug|x64
		{F8445183-52F2-45A0-BB4F-B433F3B721F0}.Debug|iPhoneSimulator.Build.0 = Debug|x64
		{F8445183-52F2-45A0-BB4F-B433F3B721F0}.Debug|Win32.ActiveCfg = Debug|x86
		{F8445183-52F2-45A0-BB4F-B433F3B721F0}.Debug|Win32.Build.0 = Debug|x86
		{F8445183-52F2-45A0-BB4F-B433F3B721F0}.Debug|Win32.Deploy.0 = Debug|x86
		{F8445183-52F2-45A0-BB4F-B433F3B721F0}.Debug|x64.ActiveCfg = Debug|x64
		{F8445183-52F2-45A0-BB4F-B433F3B721F0}.Release|Android+Windows.ActiveCfg = Release|x64
		{F8445183-52F2-45A0-BB4F-B433F3B721F0}.Release|Android+Windows.Build.0 = Release|x64
		{F8445183-52F2-45A0-BB4F-B433F3B721F0}.Release|Any CPU.ActiveCfg = Release|x64
		{F8445183-52F2-45A0-BB4F-B433F3B721F0}.Release|Any CPU.Build.0 = Release|x64
		{F8445183-52F2-45A0-BB4F-B433F3B721F0}.Release|ARM.ActiveCfg = Release|ARM
		{F8445183-52F2-45A0-BB4F-B433F3B721F0}.Release|ARM.Build.0 = Release|ARM
		{F8445183-52F2-45A0-BB4F-B433F3B721F0}.Release|ARM.Deploy.0 = Release|ARM
		{F8445183-52F2-45A0-BB4F-B433F3B721F0}.Release|ARM64.ActiveCfg = Release|ARM64
		{F8445183-52F2-45A0-BB4F-B433F3B721F0}.Release|ARM64.Build.0 = Release|ARM64
		{F8445183-52F2-45A0-BB4F-B433F3B721F0}.Release|ARM64.Deploy.0 = Release|ARM64
		{F8445183-52F2-45A0-BB4F-B433F3B721F0}.Release|iPhone.ActiveCfg = Release|x64
		{F8445183-52F2-45A0-BB4F-B433F3B721F0}.Release|iPhone.Build.0 = Release|x64
		{F8445183-52F2-45A0-BB4F-B433F3B721F0}.Release|iPhoneSimulator.ActiveCfg = Release|x64
		{F8445183-52F2-45A0-BB4F-B433F3B721F0}.Release|iPhoneSimulator.Build.0 = Release|x64
		{F8445183-52F2-45A0-BB4F-B433F3B721F0}.Release|Win32.ActiveCfg = Release|x86
		{F8445183-52F2-45A0-BB4F-B433F3B721F0}.Release|Win32.Build.0 = Release|x86
		{F8445183-52F2-45A0-BB4F-B433F3B721F0}.Release|Win32.Deploy.0 = Release|x86
		{F8445183-52F2-45A0-BB4F-B433F3B721F0}.Release|x64.ActiveCfg = Release|x64
		{86B3654F-2B3F-478C-B108-17E989444FB3}.Debug|Android+Windows.ActiveCfg = Debug|x64
		{86B3654F-2B3F-478C-B108-17E989444FB3}.Debug|Android+Windows.Build.0 = Debug|x64
		{86B3654F-2B3F-478C-B108-17E989444FB3}.Debug|Any CPU.ActiveCfg = Debug|x64
		{86B3654F-2B3F-478C-B108-17E989444FB3}.Debug|Any CPU.Build.0 = Debug|x64
		{86B3654F-2B3F-478C-B108-17E989444FB3}.Debug|ARM.ActiveCfg = Debug|ARM
		{86B3654F-2B3F-478C-B108-17E989444FB3}.Debug|ARM.Build.0 = Debug|ARM
		{86B3654F-2B3F-478C-B108-17E989444FB3}.Debug|ARM.Deploy.0 = Debug|ARM
		{86B3654F-2B3F-478C-B108-17E989444FB3}.Debug|ARM64.ActiveCfg = Debug|x64
		{86B3654F-2B3F-478C-B108-17E989444FB3}.Debug|ARM64.Build.0 = Debug|x64
		{86B3654F-2B3F-478C-B108-17E989444FB3}.Debug|ARM64.Deploy.0 = Debug|x64
		{86B3654F-2B3F-478C-B108-17E989444FB3}.Debug|iPhone.ActiveCfg = Debug|x64
		{86B3654F-2B3F-478C-B108-17E989444FB3}.Debug|iPhone.Build.0 = Debug|x64
		{86B3654F-2B3F-478C-B108-17E989444FB3}.Debug|iPhoneSimulator.ActiveCfg = Debug|x64
		{86B3654F-2B3F-478C-B108-17E989444FB3}.Debug|iPhoneSimulator.Build.0 = Debug|x64
		{86B3654F-2B3F-478C-B108-17E989444FB3}.Debug|Win32.ActiveCfg = Debug|x86
		{86B3654F-2B3F-478C-B108-17E989444FB3}.Debug|Win32.Build.0 = Debug|x86
		{86B3654F-2B3F-478C-B108-17E989444FB3}.Debug|Win32.Deploy.0 = Debug|x86
		{86B3654F-2B3F-478C-B108-17E989444FB3}.Debug|x64.ActiveCfg = Debug|x64
		{86B3654F-2B3F-478C-B108-17E989444FB3}.Release|Android+Windows.ActiveCfg = Release|x64
		{86B3654F-2B3F-478C-B108-17E989444FB3}.Release|Android+Windows.Build.0 = Release|x64
		{86B3654F-2B3F-478C-B108-17E989444FB3}.Release|Any CPU.ActiveCfg = Release|x64
		{86B3654F-2B3F-478C-B108-17E989444FB3}.Release|Any CPU.Build.0 = Release|x64
		{86B3654F-2B3F-478C-B108-17E989444FB3}.Release|ARM.ActiveCfg = Release|ARM
		{86B3654F-2B3F-478C-B108-17E989444FB3}.Release|ARM.Build.0 = Release|ARM
		{86B3654F-2B3F-478C-B108-17E989444FB3}.Release|ARM.Deploy.0 = Release|ARM
		{86B3654F-2B3F-478C-B108-17E989444FB3}.Release|ARM64.ActiveCfg = Release|ARM64
		{86B3654F-2B3F-478C-B108-17E989444FB3}.Release|ARM64.Build.0 = Release|ARM64
		{86B3654F-2B3F-478C-B108-17E989444FB3}.Release|ARM64.Deploy.0 = Release|ARM64
		{86B3654F-2B3F-478C-B108-17E989444FB3}.Release|iPhone.ActiveCfg = Release|x64
		{86B3654F-2B3F-478C-B108-17E989444FB3}.Release|iPhone.Build.0 = Release|x64
		{86B3654F-2B3F-478C-B108-17E989444FB3}.Release|iPhoneSimulator.ActiveCfg = Release|x64
		{86B3654F-2B3F-478C-B108-17E989444FB3}.Release|iPhoneSimulator.Build.0 = Release|x64
		{86B3654F-2B3F-478C-B108-17E989444FB3}.Release|Win32.ActiveCfg = Release|x86
		{86B3654F-2B3F-478C-B108-17E989444FB3}.Release|Win32.Build.0 = Release|x86
		{86B3654F-2B3F-478C-B108-17E989444FB3}.Release|Win32.Deploy.0 = Release|x86
		{86B3654F-2B3F-478C-B108-17E989444FB3}.Release|x64.ActiveCfg = Release|x64
		{6FF04CCD-3E5A-423E-B6B8-637C42A007C1}.Debug|Android+Windows.ActiveCfg = Debug|x64
		{6FF04CCD-3E5A-423E-B6B8-637C42A007C1}.Debug|Android+Windows.Build.0 = Debug|x64
		{6FF04CCD-3E5A-423E-B6B8-637C42A007C1}.Debug|Any CPU.ActiveCfg = Debug|x64
		{6FF04CCD-3E5A-423E-B6B8-637C42A007C1}.Debug|Any CPU.Build.0 = Debug|x64
		{6FF04CCD-3E5A-423E-B6B8-637C42A007C1}.Debug|ARM.ActiveCfg = Debug|ARM
		{6FF04CCD-3E5A-423E-B6B8-637C42A007C1}.Debug|ARM.Build.0 = Debug|ARM
		{6FF04CCD-3E5A-423E-B6B8-637C42A007C1}.Debug|ARM.Deploy.0 = Debug|ARM
		{6FF04CCD-3E5A-423E-B6B8-637C42A007C1}.Debug|ARM64.ActiveCfg = Debug|x64
		{6FF04CCD-3E5A-423E-B6B8-637C42A007C1}.Debug|ARM64.Build.0 = Debug|x64
		{6FF04CCD-3E5A-423E-B6B8-637C42A007C1}.Debug|ARM64.Deploy.0 = Debug|x64
		{6FF04CCD-3E5A-423E-B6B8-637C42A007C1}.Debug|iPhone.ActiveCfg = Debug|x64
		{6FF04CCD-3E5A-423E-B6B8-637C42A007C1}.Debug|iPhone.Build.0 = Debug|x64
		{6FF04CCD-3E5A-423E-B6B8-637C42A007C1}.Debug|iPhoneSimulator.ActiveCfg = Debug|x64
		{6FF04CCD-3E5A-423E-B6B8-637C42A007C1}.Debug|iPhoneSimulator.Build.0 = Debug|x64
		{6FF04CCD-3E5A-423E-B6B8-637C42A007C1}.Debug|Win32.ActiveCfg = Debug|x86
		{6FF04CCD-3E5A-423E-B6B8-637C42A007C1}.Debug|Win32.Build.0 = Debug|x86
		{6FF04CCD-3E5A-423E-B6B8-637C42A007C1}.Debug|Win32.Deploy.0 = Debug|x86
		{6FF04CCD-3E5A-423E-B6B8-637C42A007C1}.Debug|x64.ActiveCfg = Debug|x64
		{6FF04CCD-3E5A-423E-B6B8-637C42A007C1}.Release|Android+Windows.ActiveCfg = Release|x64
		{6FF04CCD-3E5A-423E-B6B8-637C42A007C1}.Release|Android+Windows.Build.0 = Release|x64
		{6FF04CCD-3E5A-423E-B6B8-637C42A007C1}.Release|Any CPU.ActiveCfg = Release|x64
		{6FF04CCD-3E5A-423E-B6B8-637C42A007C1}.Release|Any CPU.Build.0 = Release|x64
		{6FF04CCD-3E5A-423E-B6B8-637C42A007C1}.Release|ARM.ActiveCfg = Release|ARM
		{6FF04CCD-3E5A-423E-B6B8-637C42A007C1}.Release|ARM.Build.0 = Release|ARM
		{6FF04CCD-3E5A-423E-B6B8-637C42A007C1}.Release|ARM.Deploy.0 = Release|ARM
		{6FF04CCD-3E5A-423E-B6B8-637C42A007C1}.Release|ARM64.ActiveCfg = Release|ARM64
		{6FF04CCD-3E5A-423E-B6B8-637C42A007C1}.Release|ARM64.Build.0 = Release|ARM64
		{6FF04CCD-3E5A-423E-B6B8-637C42A007C1}.Release|ARM64.Deploy.0 = Release|ARM64
		{6FF04CCD-3E5A-423E-B6B8-637C42A007C1}.Release|iPhone.ActiveCfg = Release|x64
		{6FF04CCD-3E5A-423E-B6B8-637C42A007C1}.Release|iPhone.Build.0 = Release|x64
		{6FF04CCD-3E5A-423E-B6B8-637C42A007C1}.Release|iPhoneSimulator.ActiveCfg = Release|x64
		{6FF04CCD-3E5A-423E-B6B8-637C42A007C1}.Release|iPhoneSimulator.Build.0 = Release|x64
		{6FF04CCD-3E5A-423E-B6B8-637C42A007C1}.Release|Win32.ActiveCfg = Release|x86
		{6FF04CCD-3E5A-423E-B6B8-637C42A007C1}.Release|Win32.Build.0 = Release|x86
		{6FF04CCD-3E5A-423E-B6B8-637C42A007C1}.Release|Win32.Deploy.0 = Release|x86
		{6FF04CCD-3E5A-423E-B6B8-637C42A007C1}.Release|x64.ActiveCfg = Release|x64
		{3469E673-1318-4731-9168-23F32D98FB3E}.Debug|Android+Windows.ActiveCfg = Debug|Any CPU
		{3469E673-1318-4731-9168-23F32D98FB3E}.Debug|Android+Windows.Build.0 = Debug|Any CPU
		{3469E673-1318-4731-9168-23F32D98FB3E}.Debug|Any CPU.ActiveCfg = Debug|Any CPU
		{3469E673-1318-4731-9168-23F32D98FB3E}.Debug|Any CPU.Build.0 = Debug|Any CPU
		{3469E673-1318-4731-9168-23F32D98FB3E}.Debug|ARM.ActiveCfg = Debug|Any CPU
		{3469E673-1318-4731-9168-23F32D98FB3E}.Debug|ARM.Build.0 = Debug|Any CPU
		{3469E673-1318-4731-9168-23F32D98FB3E}.Debug|ARM64.ActiveCfg = Debug|Any CPU
		{3469E673-1318-4731-9168-23F32D98FB3E}.Debug|ARM64.Build.0 = Debug|Any CPU
		{3469E673-1318-4731-9168-23F32D98FB3E}.Debug|iPhone.ActiveCfg = Debug|Any CPU
		{3469E673-1318-4731-9168-23F32D98FB3E}.Debug|iPhone.Build.0 = Debug|Any CPU
		{3469E673-1318-4731-9168-23F32D98FB3E}.Debug|iPhoneSimulator.ActiveCfg = Debug|Any CPU
		{3469E673-1318-4731-9168-23F32D98FB3E}.Debug|iPhoneSimulator.Build.0 = Debug|Any CPU
		{3469E673-1318-4731-9168-23F32D98FB3E}.Debug|Win32.ActiveCfg = Debug|Any CPU
		{3469E673-1318-4731-9168-23F32D98FB3E}.Debug|Win32.Build.0 = Debug|Any CPU
		{3469E673-1318-4731-9168-23F32D98FB3E}.Debug|x64.ActiveCfg = Debug|Any CPU
		{3469E673-1318-4731-9168-23F32D98FB3E}.Debug|x64.Build.0 = Debug|Any CPU
		{3469E673-1318-4731-9168-23F32D98FB3E}.Release|Android+Windows.ActiveCfg = Release|Any CPU
		{3469E673-1318-4731-9168-23F32D98FB3E}.Release|Android+Windows.Build.0 = Release|Any CPU
		{3469E673-1318-4731-9168-23F32D98FB3E}.Release|Any CPU.ActiveCfg = Release|Any CPU
		{3469E673-1318-4731-9168-23F32D98FB3E}.Release|Any CPU.Build.0 = Release|Any CPU
		{3469E673-1318-4731-9168-23F32D98FB3E}.Release|ARM.ActiveCfg = Release|Any CPU
		{3469E673-1318-4731-9168-23F32D98FB3E}.Release|ARM.Build.0 = Release|Any CPU
		{3469E673-1318-4731-9168-23F32D98FB3E}.Release|ARM64.ActiveCfg = Release|Any CPU
		{3469E673-1318-4731-9168-23F32D98FB3E}.Release|ARM64.Build.0 = Release|Any CPU
		{3469E673-1318-4731-9168-23F32D98FB3E}.Release|iPhone.ActiveCfg = Release|Any CPU
		{3469E673-1318-4731-9168-23F32D98FB3E}.Release|iPhone.Build.0 = Release|Any CPU
		{3469E673-1318-4731-9168-23F32D98FB3E}.Release|iPhoneSimulator.ActiveCfg = Release|Any CPU
		{3469E673-1318-4731-9168-23F32D98FB3E}.Release|iPhoneSimulator.Build.0 = Release|Any CPU
		{3469E673-1318-4731-9168-23F32D98FB3E}.Release|Win32.ActiveCfg = Release|Any CPU
		{3469E673-1318-4731-9168-23F32D98FB3E}.Release|Win32.Build.0 = Release|Any CPU
		{3469E673-1318-4731-9168-23F32D98FB3E}.Release|x64.ActiveCfg = Release|Any CPU
		{3469E673-1318-4731-9168-23F32D98FB3E}.Release|x64.Build.0 = Release|Any CPU
		{F6E7EFA6-0470-47C8-A6B0-5DE72BAC7291}.Debug|Android+Windows.ActiveCfg = Debug|ARM64
		{F6E7EFA6-0470-47C8-A6B0-5DE72BAC7291}.Debug|Any CPU.ActiveCfg = Debug|ARM64
		{F6E7EFA6-0470-47C8-A6B0-5DE72BAC7291}.Debug|Any CPU.Build.0 = Debug|ARM64
		{F6E7EFA6-0470-47C8-A6B0-5DE72BAC7291}.Debug|ARM.ActiveCfg = Debug|ARM
		{F6E7EFA6-0470-47C8-A6B0-5DE72BAC7291}.Debug|ARM.Build.0 = Debug|ARM
		{F6E7EFA6-0470-47C8-A6B0-5DE72BAC7291}.Debug|ARM64.ActiveCfg = Debug|ARM64
		{F6E7EFA6-0470-47C8-A6B0-5DE72BAC7291}.Debug|iPhone.ActiveCfg = Debug|ARM64
		{F6E7EFA6-0470-47C8-A6B0-5DE72BAC7291}.Debug|iPhone.Build.0 = Debug|ARM64
		{F6E7EFA6-0470-47C8-A6B0-5DE72BAC7291}.Debug|iPhoneSimulator.ActiveCfg = Debug|ARM64
		{F6E7EFA6-0470-47C8-A6B0-5DE72BAC7291}.Debug|iPhoneSimulator.Build.0 = Debug|ARM64
		{F6E7EFA6-0470-47C8-A6B0-5DE72BAC7291}.Debug|Win32.ActiveCfg = Debug|x86
		{F6E7EFA6-0470-47C8-A6B0-5DE72BAC7291}.Debug|Win32.Build.0 = Debug|x86
		{F6E7EFA6-0470-47C8-A6B0-5DE72BAC7291}.Debug|x64.ActiveCfg = Debug|ARM64
		{F6E7EFA6-0470-47C8-A6B0-5DE72BAC7291}.Release|Android+Windows.ActiveCfg = Release|ARM64
		{F6E7EFA6-0470-47C8-A6B0-5DE72BAC7291}.Release|Any CPU.ActiveCfg = Release|ARM64
		{F6E7EFA6-0470-47C8-A6B0-5DE72BAC7291}.Release|Any CPU.Build.0 = Release|ARM64
		{F6E7EFA6-0470-47C8-A6B0-5DE72BAC7291}.Release|ARM.ActiveCfg = Release|ARM
		{F6E7EFA6-0470-47C8-A6B0-5DE72BAC7291}.Release|ARM.Build.0 = Release|ARM
		{F6E7EFA6-0470-47C8-A6B0-5DE72BAC7291}.Release|ARM64.ActiveCfg = Release|ARM64
		{F6E7EFA6-0470-47C8-A6B0-5DE72BAC7291}.Release|iPhone.ActiveCfg = Release|ARM64
		{F6E7EFA6-0470-47C8-A6B0-5DE72BAC7291}.Release|iPhone.Build.0 = Release|ARM64
		{F6E7EFA6-0470-47C8-A6B0-5DE72BAC7291}.Release|iPhoneSimulator.ActiveCfg = Release|ARM64
		{F6E7EFA6-0470-47C8-A6B0-5DE72BAC7291}.Release|iPhoneSimulator.Build.0 = Release|ARM64
		{F6E7EFA6-0470-47C8-A6B0-5DE72BAC7291}.Release|Win32.ActiveCfg = Release|x86
		{F6E7EFA6-0470-47C8-A6B0-5DE72BAC7291}.Release|Win32.Build.0 = Release|x86
		{F6E7EFA6-0470-47C8-A6B0-5DE72BAC7291}.Release|x64.ActiveCfg = Release|ARM64
	EndGlobalSection
	GlobalSection(SolutionProperties) = preSolution
		HideSolutionNode = FALSE
	EndGlobalSection
	GlobalSection(ExtensibilityGlobals) = postSolution
		SolutionGuid = {EA09E950-DB01-44C2-8C3F-09F78DA88F35}
	EndGlobalSection
EndGlobal
