<?xml version="1.0" encoding="utf-8"?>
<Project ToolsVersion="4.0" xmlns="http://schemas.microsoft.com/developer/msbuild/2003">
  <ItemGroup>
    <ClCompile Include="$(SrcDir)animdef.c" />
    <ClCompile Include="$(UtilDir)makedefs.c" />
    <ClCompile Include="$(SrcDir)monst.c" />
    <ClCompile Include="$(SrcDir)objects.c" />
  </ItemGroup>
  <ItemGroup>
    <ClInclude Include="$(IncDir)action.h">
      <Filter>Header Files</Filter>
    </ClInclude>
    <ClInclude Include="$(IncDir)animation.h">
      <Filter>Header Files</Filter>
    </ClInclude>
    <ClInclude Include="$(IncDir)config.h">
      <Filter>Header Files</Filter>
    </ClInclude>
    <ClInclude Include="$(IncDir)config1.h">
      <Filter>Header Files</Filter>
    </ClInclude>
    <ClInclude Include="$(IncDir)context.h">
      <Filter>Header Files</Filter>
    </ClInclude>
    <ClInclude Include="$(IncDir)coord.h">
      <Filter>Header Files</Filter>
    </ClInclude>
    <ClInclude Include="$(LibDroidDir)droidconf.h">
      <Filter>Android Header Files</Filter>
    </ClInclude>
    <ClInclude Include="$(IncDir)general.h">
      <Filter>Header Files</Filter>
    </ClInclude>
    <ClInclude Include="$(IncDir)global.h">
      <Filter>Header Files</Filter>
    </ClInclude>
    <ClInclude Include="$(IncDir)monattk.h">
      <Filter>Header Files</Filter>
    </ClInclude>
    <ClInclude Include="$(IncDir)monflag.h">
      <Filter>Header Files</Filter>
    </ClInclude>
    <ClInclude Include="$(IncDir)monsym.h">
      <Filter>Header Files</Filter>
    </ClInclude>
    <ClInclude Include="$(IncDir)objclass.h">
      <Filter>Header Files</Filter>
    </ClInclude>
    <ClInclude Include="$(IncDir)patchlevel.h">
      <Filter>Header Files</Filter>
    </ClInclude>
    <ClInclude Include="$(IncDir)qtext.h">
      <Filter>Header Files</Filter>
    </ClInclude>
    <ClInclude Include="$(IncDir)tradstdc.h">
      <Filter>Header Files</Filter>
    </ClInclude>
    <ClInclude Include="$(IncDir)align.h" />
    <ClInclude Include="$(IncDir)amiconf.h" />
    <ClInclude Include="$(IncDir)androidconf.h" />
    <ClInclude Include="$(IncDir)artifact.h" />
    <ClInclude Include="$(IncDir)artilist.h" />
    <ClInclude Include="$(IncDir)attrib.h" />
    <ClInclude Include="$(IncDir)beconf.h" />
    <ClInclude Include="$(IncDir)bitmfile.h" />
    <ClInclude Include="$(IncDir)botl.h" />
    <ClInclude Include="$(IncDir)color.h" />
    <ClInclude Include="$(IncDir)decl.h" />
    <ClInclude Include="$(IncDir)def_os2.h" />
    <ClInclude Include="$(IncDir)dgn_comp.h" />
    <ClInclude Include="$(IncDir)dgn_file.h" />
    <ClInclude Include="$(IncDir)display.h" />
    <ClInclude Include="$(IncDir)dlb.h" />
    <ClInclude Include="$(IncDir)dungeon.h" />
    <ClInclude Include="$(IncDir)encounter.h" />
    <ClInclude Include="$(IncDir)engrave.h" />
    <ClInclude Include="$(IncDir)extern.h" />
    <ClInclude Include="$(IncDir)flag.h" />
    <ClInclude Include="$(IncDir)func_tab.h" />
    <ClInclude Include="$(IncDir)gem_rsc.h" />
    <ClInclude Include="$(IncDir)hack.h" />
    <ClInclude Include="$(IncDir)integer.h" />
    <ClInclude Include="$(IncDir)isaac64.h" />
    <ClInclude Include="$(IncDir)layer.h" />
    <ClInclude Include="$(IncDir)lev.h" />
    <ClInclude Include="$(IncDir)lev_comp.h" />
    <ClInclude Include="$(IncDir)lint.h" />
    <ClInclude Include="$(IncDir)load_img.h" />
    <ClInclude Include="$(IncDir)mac-carbon.h" />
    <ClInclude Include="$(IncDir)mac-qt.h" />
    <ClInclude Include="$(IncDir)mac-term.h" />
    <ClInclude Include="$(IncDir)macconf.h" />
    <ClInclude Include="$(IncDir)macpopup.h" />
    <ClInclude Include="$(IncDir)mactty.h" />
    <ClInclude Include="$(IncDir)macwin.h" />
    <ClInclude Include="$(IncDir)mail.h" />
    <ClInclude Include="$(IncDir)matcomps.h" />
    <ClInclude Include="$(IncDir)mextra.h" />
    <ClInclude Include="$(IncDir)mfndpos.h" />
    <ClInclude Include="$(IncDir)micro.h" />
    <ClInclude Include="$(IncDir)mkroom.h" />
    <ClInclude Include="$(IncDir)mondata.h" />
    <ClInclude Include="$(IncDir)monst.h" />
    <ClInclude Include="$(IncDir)mttypriv.h" />
    <ClInclude Include="$(IncDir)npc.h" />
    <ClInclude Include="$(IncDir)ntconf.h" />
    <ClInclude Include="$(IncDir)obj.h" />
    <ClInclude Include="$(IncDir)os2conf.h" />
    <ClInclude Include="$(IncDir)pcconf.h" />
    <ClInclude Include="$(IncDir)permonst.h" />
    <ClInclude Include="$(IncDir)prop.h" />
    <ClInclude Include="$(IncDir)qttableview.h" />
    <ClInclude Include="$(IncDir)qt_clust.h" />
    <ClInclude Include="$(IncDir)qt_kde0.h" />
    <ClInclude Include="$(IncDir)qt_win.h" />
    <ClInclude Include="$(IncDir)qt_xpms.h" />
    <ClInclude Include="$(IncDir)quest.h" />
    <ClInclude Include="$(IncDir)rect.h" />
    <ClInclude Include="$(IncDir)region.h" />
    <ClInclude Include="$(IncDir)rm.h" />
    <ClInclude Include="$(IncDir)skills.h" />
    <ClInclude Include="$(IncDir)soundset.h" />
    <ClInclude Include="$(IncDir)spell.h" />
    <ClInclude Include="$(IncDir)sp_lev.h" />
    <ClInclude Include="$(IncDir)sys.h" />
    <ClInclude Include="$(IncDir)system.h" />
    <ClInclude Include="$(IncDir)tcap.h" />
    <ClInclude Include="$(IncDir)tile2x11.h" />
    <ClInclude Include="$(IncDir)tiledata.h" />
    <ClInclude Include="$(IncDir)tileset.h" />
    <ClInclude Include="$(IncDir)timeout.h" />
    <ClInclude Include="$(IncDir)tosconf.h" />
    <ClInclude Include="$(IncDir)trampoli.h" />
    <ClInclude Include="$(IncDir)trap.h" />
    <ClInclude Include="$(IncDir)unixconf.h" />
    <ClInclude Include="$(IncDir)vision.h" />
    <ClInclude Include="$(IncDir)vis_tab.h" />
    <ClInclude Include="$(IncDir)vmsconf.h" />
    <ClInclude Include="$(IncDir)wceconf.h" />
    <ClInclude Include="$(IncDir)winami.h" />
    <ClInclude Include="$(IncDir)wincurs.h" />
    <ClInclude Include="$(IncDir)wingem.h" />
    <ClInclude Include="$(IncDir)winGnome.h" />
    <ClInclude Include="$(IncDir)winprocs.h" />
    <ClInclude Include="$(IncDir)wintty.h" />
    <ClInclude Include="$(IncDir)wintype.h" />
    <ClInclude Include="$(IncDir)winX.h" />
    <ClInclude Include="$(IncDir)xwindow.h" />
    <ClInclude Include="$(IncDir)xwindowp.h" />
    <ClInclude Include="$(IncDir)you.h" />
    <ClInclude Include="$(IncDir)youprop.h" />
    <ClInclude Include="$(UtilDir)mdgrep.h" />
  </ItemGroup>
  <ItemGroup>
    <Filter Include="Header Files">
      <UniqueIdentifier>{98d8eddc-495a-4305-8975-9e9e0c761d40}</UniqueIdentifier>
    </Filter>
    <Filter Include="Android Header Files">
      <UniqueIdentifier>{13627071-8d77-4ed4-bc72-c1db9aa60adf}</UniqueIdentifier>
    </Filter>
  </ItemGroup>
</Project>